// !$*UTF8*$!
{
	archiveVersion = 1;
	classes = {
	};
	objectVersion = 46;
	objects = {

/* Begin PBXBuildFile section */
		D77C332F1ADE36BB00D4843B /* TwoSumTest.swift in Sources */ = {isa = PBXBuildFile; fileRef = D77C332E1ADE36BB00D4843B /* TwoSumTest.swift */; };
		D77C33341ADE373B00D4843B /* TwoSum.swift in Sources */ = {isa = PBXBuildFile; fileRef = D77C33331ADE373B00D4843B /* TwoSum.swift */; };
		D77C333E1ADE61B200D4843B /* MedianOfTwoSortedArrays.swift in Sources */ = {isa = PBXBuildFile; fileRef = D77C333D1ADE61B200D4843B /* MedianOfTwoSortedArrays.swift */; };
/* End PBXBuildFile section */

/* Begin PBXFileReference section */
		D77C332A1ADE36BB00D4843B /* TwoSum.xctest */ = {isa = PBXFileReference; explicitFileType = wrapper.cfbundle; includeInIndex = 0; path = TwoSum.xctest; sourceTree = BUILT_PRODUCTS_DIR; };
		D77C332D1ADE36BB00D4843B /* Info.plist */ = {isa = PBXFileReference; lastKnownFileType = text.plist.xml; path = Info.plist; sourceTree = "<group>"; };
		D77C332E1ADE36BB00D4843B /* TwoSumTest.swift */ = {isa = PBXFileReference; lastKnownFileType = sourcecode.swift; path = TwoSumTest.swift; sourceTree = "<group>"; };
		D77C33331ADE373B00D4843B /* TwoSum.swift */ = {isa = PBXFileReference; fileEncoding = 4; lastKnownFileType = sourcecode.swift; path = TwoSum.swift; sourceTree = "<group>"; };
		D77C33391ADE61B200D4843B /* MedianOfTwoSortedArrays.xctest */ = {isa = PBXFileReference; explicitFileType = wrapper.cfbundle; includeInIndex = 0; path = MedianOfTwoSortedArrays.xctest; sourceTree = BUILT_PRODUCTS_DIR; };
		D77C333C1ADE61B200D4843B /* Info.plist */ = {isa = PBXFileReference; lastKnownFileType = text.plist.xml; path = Info.plist; sourceTree = "<group>"; };
		D77C333D1ADE61B200D4843B /* MedianOfTwoSortedArrays.swift */ = {isa = PBXFileReference; lastKnownFileType = sourcecode.swift; path = MedianOfTwoSortedArrays.swift; sourceTree = "<group>"; };
/* End PBXFileReference section */

/* Begin PBXFrameworksBuildPhase section */
		D77C33271ADE36BB00D4843B /* Frameworks */ = {
			isa = PBXFrameworksBuildPhase;
			buildActionMask = 2147483647;
			files = (
			);
			runOnlyForDeploymentPostprocessing = 0;
		};
		D77C33361ADE61B200D4843B /* Frameworks */ = {
			isa = PBXFrameworksBuildPhase;
			buildActionMask = 2147483647;
			files = (
			);
			runOnlyForDeploymentPostprocessing = 0;
		};
/* End PBXFrameworksBuildPhase section */

/* Begin PBXGroup section */
		D77C33131ADE363800D4843B = {
			isa = PBXGroup;
			children = (
				D77C332B1ADE36BB00D4843B /* TwoSum */,
				D77C333A1ADE61B200D4843B /* MedianOfTwoSortedArrays */,
				D77C331D1ADE363800D4843B /* Products */,
			);
			sourceTree = "<group>";
		};
		D77C331D1ADE363800D4843B /* Products */ = {
			isa = PBXGroup;
			children = (
				D77C332A1ADE36BB00D4843B /* TwoSum.xctest */,
				D77C33391ADE61B200D4843B /* MedianOfTwoSortedArrays.xctest */,
			);
			name = Products;
			sourceTree = "<group>";
		};
		D77C332B1ADE36BB00D4843B /* TwoSum */ = {
			isa = PBXGroup;
			children = (
				D77C33331ADE373B00D4843B /* TwoSum.swift */,
				D77C332E1ADE36BB00D4843B /* TwoSumTest.swift */,
				D77C332C1ADE36BB00D4843B /* Supporting Files */,
			);
			path = TwoSum;
			sourceTree = "<group>";
		};
		D77C332C1ADE36BB00D4843B /* Supporting Files */ = {
			isa = PBXGroup;
			children = (
				D77C332D1ADE36BB00D4843B /* Info.plist */,
			);
			name = "Supporting Files";
			sourceTree = "<group>";
		};
		D77C333A1ADE61B200D4843B /* MedianOfTwoSortedArrays */ = {
			isa = PBXGroup;
			children = (
				D77C333D1ADE61B200D4843B /* MedianOfTwoSortedArrays.swift */,
				D77C333B1ADE61B200D4843B /* Supporting Files */,
			);
			path = MedianOfTwoSortedArrays;
			sourceTree = "<group>";
		};
		D77C333B1ADE61B200D4843B /* Supporting Files */ = {
			isa = PBXGroup;
			children = (
				D77C333C1ADE61B200D4843B /* Info.plist */,
			);
			name = "Supporting Files";
			sourceTree = "<group>";
		};
/* End PBXGroup section */

/* Begin PBXNativeTarget section */
		D77C33291ADE36BB00D4843B /* TwoSum */ = {
			isa = PBXNativeTarget;
			buildConfigurationList = D77C33301ADE36BB00D4843B /* Build configuration list for PBXNativeTarget "TwoSum" */;
			buildPhases = (
				D77C33261ADE36BB00D4843B /* Sources */,
				D77C33271ADE36BB00D4843B /* Frameworks */,
				D77C33281ADE36BB00D4843B /* Resources */,
			);
			buildRules = (
			);
			dependencies = (
			);
			name = TwoSum;
			productName = TwoSum;
			productReference = D77C332A1ADE36BB00D4843B /* TwoSum.xctest */;
			productType = "com.apple.product-type.bundle.unit-test";
		};
		D77C33381ADE61B200D4843B /* MedianOfTwoSortedArrays */ = {
			isa = PBXNativeTarget;
			buildConfigurationList = D77C333F1ADE61B200D4843B /* Build configuration list for PBXNativeTarget "MedianOfTwoSortedArrays" */;
			buildPhases = (
				D77C33351ADE61B200D4843B /* Sources */,
				D77C33361ADE61B200D4843B /* Frameworks */,
				D77C33371ADE61B200D4843B /* Resources */,
			);
			buildRules = (
			);
			dependencies = (
			);
			name = MedianOfTwoSortedArrays;
			productName = MedianOfTwoSortedArrays;
			productReference = D77C33391ADE61B200D4843B /* MedianOfTwoSortedArrays.xctest */;
			productType = "com.apple.product-type.bundle.unit-test";
		};
/* End PBXNativeTarget section */

/* Begin PBXProject section */
		D77C33141ADE363800D4843B /* Project object */ = {
			isa = PBXProject;
			attributes = {
				LastUpgradeCheck = 0630;
				ORGANIZATIONNAME = "Lex Tang";
				TargetAttributes = {
					D77C33291ADE36BB00D4843B = {
						CreatedOnToolsVersion = 6.3;
					};
					D77C33381ADE61B200D4843B = {
						CreatedOnToolsVersion = 6.3;
					};
				};
			};
			buildConfigurationList = D77C33171ADE363800D4843B /* Build configuration list for PBXProject "LeetCode" */;
			compatibilityVersion = "Xcode 3.2";
			developmentRegion = English;
			hasScannedForEncodings = 0;
			knownRegions = (
				en,
			);
			mainGroup = D77C33131ADE363800D4843B;
			productRefGroup = D77C331D1ADE363800D4843B /* Products */;
			projectDirPath = "";
			projectRoot = "";
			targets = (
				D77C33291ADE36BB00D4843B /* TwoSum */,
				D77C33381ADE61B200D4843B /* MedianOfTwoSortedArrays */,
			);
		};
/* End PBXProject section */

/* Begin PBXResourcesBuildPhase section */
		D77C33281ADE36BB00D4843B /* Resources */ = {
			isa = PBXResourcesBuildPhase;
			buildActionMask = 2147483647;
			files = (
			);
			runOnlyForDeploymentPostprocessing = 0;
		};
		D77C33371ADE61B200D4843B /* Resources */ = {
			isa = PBXResourcesBuildPhase;
			buildActionMask = 2147483647;
			files = (
			);
			runOnlyForDeploymentPostprocessing = 0;
		};
/* End PBXResourcesBuildPhase section */

/* Begin PBXSourcesBuildPhase section */
		D77C33261ADE36BB00D4843B /* Sources */ = {
			isa = PBXSourcesBuildPhase;
			buildActionMask = 2147483647;
			files = (
				D77C33341ADE373B00D4843B /* TwoSum.swift in Sources */,
				D77C332F1ADE36BB00D4843B /* TwoSumTest.swift in Sources */,
			);
			runOnlyForDeploymentPostprocessing = 0;
		};
		D77C33351ADE61B200D4843B /* Sources */ = {
			isa = PBXSourcesBuildPhase;
			buildActionMask = 2147483647;
			files = (
				D77C333E1ADE61B200D4843B /* MedianOfTwoSortedArrays.swift in Sources */,
			);
			runOnlyForDeploymentPostprocessing = 0;
		};
/* End PBXSourcesBuildPhase section */

/* Begin XCBuildConfiguration section */
		D77C33211ADE363800D4843B /* Debug */ = {
			isa = XCBuildConfiguration;
			buildSettings = {
				ALWAYS_SEARCH_USER_PATHS = NO;
				CLANG_CXX_LANGUAGE_STANDARD = "gnu++0x";
				CLANG_CXX_LIBRARY = "libc++";
				CLANG_ENABLE_MODULES = YES;
				CLANG_ENABLE_OBJC_ARC = YES;
				CLANG_WARN_BOOL_CONVERSION = YES;
				CLANG_WARN_CONSTANT_CONVERSION = YES;
				CLANG_WARN_DIRECT_OBJC_ISA_USAGE = YES_ERROR;
				CLANG_WARN_EMPTY_BODY = YES;
				CLANG_WARN_ENUM_CONVERSION = YES;
				CLANG_WARN_INT_CONVERSION = YES;
				CLANG_WARN_OBJC_ROOT_CLASS = YES_ERROR;
				CLANG_WARN_UNREACHABLE_CODE = YES;
				CLANG_WARN__DUPLICATE_METHOD_MATCH = YES;
				COPY_PHASE_STRIP = NO;
				DEBUG_INFORMATION_FORMAT = dwarf;
				ENABLE_STRICT_OBJC_MSGSEND = YES;
				GCC_C_LANGUAGE_STANDARD = gnu99;
				GCC_DYNAMIC_NO_PIC = NO;
				GCC_NO_COMMON_BLOCKS = YES;
				GCC_OPTIMIZATION_LEVEL = 0;
				GCC_PREPROCESSOR_DEFINITIONS = (
					"DEBUG=1",
					"$(inherited)",
				);
				GCC_SYMBOLS_PRIVATE_EXTERN = NO;
				GCC_WARN_64_TO_32_BIT_CONVERSION = YES;
				GCC_WARN_ABOUT_RETURN_TYPE = YES_ERROR;
				GCC_WARN_UNDECLARED_SELECTOR = YES;
				GCC_WARN_UNINITIALIZED_AUTOS = YES_AGGRESSIVE;
				GCC_WARN_UNUSED_FUNCTION = YES;
				GCC_WARN_UNUSED_VARIABLE = YES;
				MACOSX_DEPLOYMENT_TARGET = 10.10;
				MTL_ENABLE_DEBUG_INFO = YES;
				ONLY_ACTIVE_ARCH = YES;
				SDKROOT = macosx;
				SWIFT_OPTIMIZATION_LEVEL = "-Onone";
			};
			name = Debug;
		};
		D77C33221ADE363800D4843B /* Release */ = {
			isa = XCBuildConfiguration;
			buildSettings = {
				ALWAYS_SEARCH_USER_PATHS = NO;
				CLANG_CXX_LANGUAGE_STANDARD = "gnu++0x";
				CLANG_CXX_LIBRARY = "libc++";
				CLANG_ENABLE_MODULES = YES;
				CLANG_ENABLE_OBJC_ARC = YES;
				CLANG_WARN_BOOL_CONVERSION = YES;
				CLANG_WARN_CONSTANT_CONVERSION = YES;
				CLANG_WARN_DIRECT_OBJC_ISA_USAGE = YES_ERROR;
				CLANG_WARN_EMPTY_BODY = YES;
				CLANG_WARN_ENUM_CONVERSION = YES;
				CLANG_WARN_INT_CONVERSION = YES;
				CLANG_WARN_OBJC_ROOT_CLASS = YES_ERROR;
				CLANG_WARN_UNREACHABLE_CODE = YES;
				CLANG_WARN__DUPLICATE_METHOD_MATCH = YES;
				COPY_PHASE_STRIP = NO;
				DEBUG_INFORMATION_FORMAT = "dwarf-with-dsym";
				ENABLE_NS_ASSERTIONS = NO;
				ENABLE_STRICT_OBJC_MSGSEND = YES;
				GCC_C_LANGUAGE_STANDARD = gnu99;
				GCC_NO_COMMON_BLOCKS = YES;
				GCC_WARN_64_TO_32_BIT_CONVERSION = YES;
				GCC_WARN_ABOUT_RETURN_TYPE = YES_ERROR;
				GCC_WARN_UNDECLARED_SELECTOR = YES;
				GCC_WARN_UNINITIALIZED_AUTOS = YES_AGGRESSIVE;
				GCC_WARN_UNUSED_FUNCTION = YES;
				GCC_WARN_UNUSED_VARIABLE = YES;
				MACOSX_DEPLOYMENT_TARGET = 10.10;
				MTL_ENABLE_DEBUG_INFO = NO;
				SDKROOT = macosx;
			};
			name = Release;
		};
		D77C33311ADE36BB00D4843B /* Debug */ = {
			isa = XCBuildConfiguration;
			buildSettings = {
				COMBINE_HIDPI_IMAGES = YES;
				FRAMEWORK_SEARCH_PATHS = (
					"$(DEVELOPER_FRAMEWORKS_DIR)",
					"$(inherited)",
				);
				GCC_PREPROCESSOR_DEFINITIONS = (
					"DEBUG=1",
					"$(inherited)",
				);
				INFOPLIST_FILE = TwoSum/Info.plist;
				LD_RUNPATH_SEARCH_PATHS = "$(inherited) @executable_path/../Frameworks @loader_path/../Frameworks";
				PRODUCT_NAME = "$(TARGET_NAME)";
			};
			name = Debug;
		};
		D77C33321ADE36BB00D4843B /* Release */ = {
			isa = XCBuildConfiguration;
			buildSettings = {
				COMBINE_HIDPI_IMAGES = YES;
				FRAMEWORK_SEARCH_PATHS = (
					"$(DEVELOPER_FRAMEWORKS_DIR)",
					"$(inherited)",
				);
				INFOPLIST_FILE = TwoSum/Info.plist;
				LD_RUNPATH_SEARCH_PATHS = "$(inherited) @executable_path/../Frameworks @loader_path/../Frameworks";
				PRODUCT_NAME = "$(TARGET_NAME)";
			};
			name = Release;
		};
		D77C33401ADE61B200D4843B /* Debug */ = {
			isa = XCBuildConfiguration;
			buildSettings = {
				COMBINE_HIDPI_IMAGES = YES;
				FRAMEWORK_SEARCH_PATHS = (
					"$(DEVELOPER_FRAMEWORKS_DIR)",
					"$(inherited)",
				);
				GCC_PREPROCESSOR_DEFINITIONS = (
					"DEBUG=1",
					"$(inherited)",
				);
				INFOPLIST_FILE = MedianOfTwoSortedArrays/Info.plist;
				LD_RUNPATH_SEARCH_PATHS = "$(inherited) @executable_path/../Frameworks @loader_path/../Frameworks";
				PRODUCT_NAME = "$(TARGET_NAME)";
			};
			name = Debug;
		};
		D77C33411ADE61B200D4843B /* Release */ = {
			isa = XCBuildConfiguration;
			buildSettings = {
				COMBINE_HIDPI_IMAGES = YES;
				FRAMEWORK_SEARCH_PATHS = (
					"$(DEVELOPER_FRAMEWORKS_DIR)",
					"$(inherited)",
				);
				INFOPLIST_FILE = MedianOfTwoSortedArrays/Info.plist;
				LD_RUNPATH_SEARCH_PATHS = "$(inherited) @executable_path/../Frameworks @loader_path/../Frameworks";
				PRODUCT_NAME = "$(TARGET_NAME)";
			};
			name = Release;
		};
/* End XCBuildConfiguration section */

/* Begin XCConfigurationList section */
		D77C33171ADE363800D4843B /* Build configuration list for PBXProject "LeetCode" */ = {
			isa = XCConfigurationList;
			buildConfigurations = (
				D77C33211ADE363800D4843B /* Debug */,
				D77C33221ADE363800D4843B /* Release */,
			);
			defaultConfigurationIsVisible = 0;
			defaultConfigurationName = Release;
		};
		D77C33301ADE36BB00D4843B /* Build configuration list for PBXNativeTarget "TwoSum" */ = {
			isa = XCConfigurationList;
			buildConfigurations = (
				D77C33311ADE36BB00D4843B /* Debug */,
				D77C33321ADE36BB00D4843B /* Release */,
			);
			defaultConfigurationIsVisible = 0;
		};
		D77C333F1ADE61B200D4843B /* Build configuration list for PBXNativeTarget "MedianOfTwoSortedArrays" */ = {
			isa = XCConfigurationList;
			buildConfigurations = (
				D77C33401ADE61B200D4843B /* Debug */,
				D77C33411ADE61B200D4843B /* Release */,
			);
			defaultConfigurationIsVisible = 0;
		};
/* End XCConfigurationList section */
	};
	rootObject = D77C33141ADE363800D4843B /* Project object */;
}
