// !$*UTF8*$!
{
	archiveVersion = 1;
	classes = {
	};
	objectVersion = 46;
	objects = {

/* Begin PBXBuildFile section */
		D7FB8E141AF89A1000286272 /* LengthOfLastWordTest.swift in Sources */ = {isa = PBXBuildFile; fileRef = D7FB8E131AF89A1000286272 /* LengthOfLastWordTest.swift */; };
		D7FB8E161AF89A2700286272 /* CountAndSayTest.swift in Sources */ = {isa = PBXBuildFile; fileRef = D7FB8E151AF89A2700286272 /* CountAndSayTest.swift */; };
		D7FB8E181AF89A3200286272 /* StrStrTest.swift in Sources */ = {isa = PBXBuildFile; fileRef = D7FB8E171AF89A3200286272 /* StrStrTest.swift */; };
		D7FB8E1A1AF89A6500286272 /* LongestCommonPrefixTest.swift in Sources */ = {isa = PBXBuildFile; fileRef = D7FB8E191AF89A6500286272 /* LongestCommonPrefixTest.swift */; };
		D7FB8E1C1AF89A7300286272 /* PalindromeNumberTest.swift in Sources */ = {isa = PBXBuildFile; fileRef = D7FB8E1B1AF89A7200286272 /* PalindromeNumberTest.swift */; };
		D7FB8E1E1AF89A8200286272 /* StringToIntegerAtoiTest.swift in Sources */ = {isa = PBXBuildFile; fileRef = D7FB8E1D1AF89A8200286272 /* StringToIntegerAtoiTest.swift */; };
		D7FB8E201AF89A9700286272 /* RomanToIntegerTest.swift in Sources */ = {isa = PBXBuildFile; fileRef = D7FB8E1F1AF89A9700286272 /* RomanToIntegerTest.swift */; };
		D7FB8E221AF89AA200286272 /* MergeSortedArrayTest.swift in Sources */ = {isa = PBXBuildFile; fileRef = D7FB8E211AF89AA200286272 /* MergeSortedArrayTest.swift */; };
		D7FB8E241AF89AAF00286272 /* RemoveElementTest.swift in Sources */ = {isa = PBXBuildFile; fileRef = D7FB8E231AF89AAF00286272 /* RemoveElementTest.swift */; };
		D7FB8E261AF89ACD00286272 /* RemoveDuplicatesFromSortedArrayTest.swift in Sources */ = {isa = PBXBuildFile; fileRef = D7FB8E251AF89ACD00286272 /* RemoveDuplicatesFromSortedArrayTest.swift */; };
		D7FB8E281AF89ADB00286272 /* ReverseIntegerTest.swift in Sources */ = {isa = PBXBuildFile; fileRef = D7FB8E271AF89ADB00286272 /* ReverseIntegerTest.swift */; };
		D7FB8E2A1AF89AE500286272 /* ValidParenthesesTest.swift in Sources */ = {isa = PBXBuildFile; fileRef = D7FB8E291AF89AE500286272 /* ValidParenthesesTest.swift */; };
		D7FB8E2C1AF89AF400286272 /* RemoveNthNodeFromEndOfListTest.swift in Sources */ = {isa = PBXBuildFile; fileRef = D7FB8E2B1AF89AF400286272 /* RemoveNthNodeFromEndOfListTest.swift */; };
		D7FB8E2E1AF89B0400286272 /* ZigZagConversionTest.swift in Sources */ = {isa = PBXBuildFile; fileRef = D7FB8E2D1AF89B0400286272 /* ZigZagConversionTest.swift */; };
		D7FB8E301AF89B0F00286272 /* AddTwoNumbersTest.swift in Sources */ = {isa = PBXBuildFile; fileRef = D7FB8E2F1AF89B0F00286272 /* AddTwoNumbersTest.swift */; };
		D7FB8E321AF89B1800286272 /* TwoSumTest.swift in Sources */ = {isa = PBXBuildFile; fileRef = D7FB8E311AF89B1800286272 /* TwoSumTest.swift */; };
		D7FB8E441AF89C9800286272 /* AddTwoNumbers.swift in Sources */ = {isa = PBXBuildFile; fileRef = D7FB8E341AF89C9800286272 /* AddTwoNumbers.swift */; };
		D7FB8E451AF89C9800286272 /* CountAndSay.swift in Sources */ = {isa = PBXBuildFile; fileRef = D7FB8E351AF89C9800286272 /* CountAndSay.swift */; };
		D7FB8E461AF89C9800286272 /* LengthOfLastWord.swift in Sources */ = {isa = PBXBuildFile; fileRef = D7FB8E361AF89C9800286272 /* LengthOfLastWord.swift */; };
		D7FB8E471AF89C9800286272 /* LongestCommonPrefix.swift in Sources */ = {isa = PBXBuildFile; fileRef = D7FB8E371AF89C9800286272 /* LongestCommonPrefix.swift */; };
		D7FB8E481AF89C9800286272 /* MergeSortedArray.swift in Sources */ = {isa = PBXBuildFile; fileRef = D7FB8E381AF89C9800286272 /* MergeSortedArray.swift */; };
		D7FB8E491AF89C9800286272 /* PalindromeNumber.swift in Sources */ = {isa = PBXBuildFile; fileRef = D7FB8E391AF89C9800286272 /* PalindromeNumber.swift */; };
		D7FB8E4A1AF89C9800286272 /* RemoveDuplicatesFromSortedArray.swift in Sources */ = {isa = PBXBuildFile; fileRef = D7FB8E3A1AF89C9800286272 /* RemoveDuplicatesFromSortedArray.swift */; };
		D7FB8E4B1AF89C9800286272 /* RemoveElement.swift in Sources */ = {isa = PBXBuildFile; fileRef = D7FB8E3B1AF89C9800286272 /* RemoveElement.swift */; };
		D7FB8E4C1AF89C9800286272 /* RemoveNthNodeFromEndOfList.swift in Sources */ = {isa = PBXBuildFile; fileRef = D7FB8E3C1AF89C9800286272 /* RemoveNthNodeFromEndOfList.swift */; };
		D7FB8E4D1AF89C9800286272 /* ReverseInteger.swift in Sources */ = {isa = PBXBuildFile; fileRef = D7FB8E3D1AF89C9800286272 /* ReverseInteger.swift */; };
		D7FB8E4E1AF89C9800286272 /* RomanToInteger.swift in Sources */ = {isa = PBXBuildFile; fileRef = D7FB8E3E1AF89C9800286272 /* RomanToInteger.swift */; };
		D7FB8E4F1AF89C9800286272 /* StringToIntegerAtoi.swift in Sources */ = {isa = PBXBuildFile; fileRef = D7FB8E3F1AF89C9800286272 /* StringToIntegerAtoi.swift */; };
		D7FB8E501AF89C9800286272 /* StrStr.swift in Sources */ = {isa = PBXBuildFile; fileRef = D7FB8E401AF89C9800286272 /* StrStr.swift */; };
		D7FB8E511AF89C9800286272 /* TwoSum.swift in Sources */ = {isa = PBXBuildFile; fileRef = D7FB8E411AF89C9800286272 /* TwoSum.swift */; };
		D7FB8E521AF89C9800286272 /* ValidParentheses.swift in Sources */ = {isa = PBXBuildFile; fileRef = D7FB8E421AF89C9800286272 /* ValidParentheses.swift */; };
		D7FB8E531AF89C9800286272 /* ZigZagConversion.swift in Sources */ = {isa = PBXBuildFile; fileRef = D7FB8E431AF89C9800286272 /* ZigZagConversion.swift */; };
		D7FB8E561AF89CD900286272 /* ListNode.swift in Sources */ = {isa = PBXBuildFile; fileRef = D7FB8E551AF89CD900286272 /* ListNode.swift */; };
		D7FB8E581AF89D0900286272 /* String+LeetCode.swift in Sources */ = {isa = PBXBuildFile; fileRef = D7FB8E571AF89D0900286272 /* String+LeetCode.swift */; };
		D7FB8E5A1AF8A51300286272 /* MergeTwoSortedList.swift in Sources */ = {isa = PBXBuildFile; fileRef = D7FB8E591AF8A51300286272 /* MergeTwoSortedList.swift */; };
		D7FB8E5C1AF8A6FE00286272 /* MergeTwoSortedListTest.swift in Sources */ = {isa = PBXBuildFile; fileRef = D7FB8E5B1AF8A6FE00286272 /* MergeTwoSortedListTest.swift */; };
/* End PBXBuildFile section */

/* Begin PBXFileReference section */
		D7FB8E091AF899FE00286272 /* LeetCodeTests.xctest */ = {isa = PBXFileReference; explicitFileType = wrapper.cfbundle; includeInIndex = 0; path = LeetCodeTests.xctest; sourceTree = BUILT_PRODUCTS_DIR; };
		D7FB8E0C1AF899FE00286272 /* Info.plist */ = {isa = PBXFileReference; lastKnownFileType = text.plist.xml; path = Info.plist; sourceTree = "<group>"; };
		D7FB8E121AF89A1000286272 /* LeetCodeTests-Bridging-Header.h */ = {isa = PBXFileReference; lastKnownFileType = sourcecode.c.h; path = "LeetCodeTests-Bridging-Header.h"; sourceTree = "<group>"; };
		D7FB8E131AF89A1000286272 /* LengthOfLastWordTest.swift */ = {isa = PBXFileReference; fileEncoding = 4; lastKnownFileType = sourcecode.swift; path = LengthOfLastWordTest.swift; sourceTree = "<group>"; };
		D7FB8E151AF89A2700286272 /* CountAndSayTest.swift */ = {isa = PBXFileReference; fileEncoding = 4; lastKnownFileType = sourcecode.swift; path = CountAndSayTest.swift; sourceTree = "<group>"; };
		D7FB8E171AF89A3200286272 /* StrStrTest.swift */ = {isa = PBXFileReference; fileEncoding = 4; lastKnownFileType = sourcecode.swift; path = StrStrTest.swift; sourceTree = "<group>"; };
		D7FB8E191AF89A6500286272 /* LongestCommonPrefixTest.swift */ = {isa = PBXFileReference; fileEncoding = 4; lastKnownFileType = sourcecode.swift; path = LongestCommonPrefixTest.swift; sourceTree = "<group>"; };
		D7FB8E1B1AF89A7200286272 /* PalindromeNumberTest.swift */ = {isa = PBXFileReference; fileEncoding = 4; lastKnownFileType = sourcecode.swift; path = PalindromeNumberTest.swift; sourceTree = "<group>"; };
		D7FB8E1D1AF89A8200286272 /* StringToIntegerAtoiTest.swift */ = {isa = PBXFileReference; fileEncoding = 4; lastKnownFileType = sourcecode.swift; path = StringToIntegerAtoiTest.swift; sourceTree = "<group>"; };
		D7FB8E1F1AF89A9700286272 /* RomanToIntegerTest.swift */ = {isa = PBXFileReference; fileEncoding = 4; lastKnownFileType = sourcecode.swift; path = RomanToIntegerTest.swift; sourceTree = "<group>"; };
		D7FB8E211AF89AA200286272 /* MergeSortedArrayTest.swift */ = {isa = PBXFileReference; fileEncoding = 4; lastKnownFileType = sourcecode.swift; path = MergeSortedArrayTest.swift; sourceTree = "<group>"; };
		D7FB8E231AF89AAF00286272 /* RemoveElementTest.swift */ = {isa = PBXFileReference; fileEncoding = 4; lastKnownFileType = sourcecode.swift; path = RemoveElementTest.swift; sourceTree = "<group>"; };
		D7FB8E251AF89ACD00286272 /* RemoveDuplicatesFromSortedArrayTest.swift */ = {isa = PBXFileReference; fileEncoding = 4; lastKnownFileType = sourcecode.swift; path = RemoveDuplicatesFromSortedArrayTest.swift; sourceTree = "<group>"; };
		D7FB8E271AF89ADB00286272 /* ReverseIntegerTest.swift */ = {isa = PBXFileReference; fileEncoding = 4; lastKnownFileType = sourcecode.swift; path = ReverseIntegerTest.swift; sourceTree = "<group>"; };
		D7FB8E291AF89AE500286272 /* ValidParenthesesTest.swift */ = {isa = PBXFileReference; fileEncoding = 4; lastKnownFileType = sourcecode.swift; path = ValidParenthesesTest.swift; sourceTree = "<group>"; };
		D7FB8E2B1AF89AF400286272 /* RemoveNthNodeFromEndOfListTest.swift */ = {isa = PBXFileReference; fileEncoding = 4; lastKnownFileType = sourcecode.swift; path = RemoveNthNodeFromEndOfListTest.swift; sourceTree = "<group>"; };
		D7FB8E2D1AF89B0400286272 /* ZigZagConversionTest.swift */ = {isa = PBXFileReference; fileEncoding = 4; lastKnownFileType = sourcecode.swift; path = ZigZagConversionTest.swift; sourceTree = "<group>"; };
		D7FB8E2F1AF89B0F00286272 /* AddTwoNumbersTest.swift */ = {isa = PBXFileReference; fileEncoding = 4; lastKnownFileType = sourcecode.swift; path = AddTwoNumbersTest.swift; sourceTree = "<group>"; };
		D7FB8E311AF89B1800286272 /* TwoSumTest.swift */ = {isa = PBXFileReference; fileEncoding = 4; lastKnownFileType = sourcecode.swift; path = TwoSumTest.swift; sourceTree = "<group>"; };
		D7FB8E341AF89C9800286272 /* AddTwoNumbers.swift */ = {isa = PBXFileReference; fileEncoding = 4; lastKnownFileType = sourcecode.swift; path = AddTwoNumbers.swift; sourceTree = "<group>"; };
		D7FB8E351AF89C9800286272 /* CountAndSay.swift */ = {isa = PBXFileReference; fileEncoding = 4; lastKnownFileType = sourcecode.swift; path = CountAndSay.swift; sourceTree = "<group>"; };
		D7FB8E361AF89C9800286272 /* LengthOfLastWord.swift */ = {isa = PBXFileReference; fileEncoding = 4; lastKnownFileType = sourcecode.swift; path = LengthOfLastWord.swift; sourceTree = "<group>"; };
		D7FB8E371AF89C9800286272 /* LongestCommonPrefix.swift */ = {isa = PBXFileReference; fileEncoding = 4; lastKnownFileType = sourcecode.swift; path = LongestCommonPrefix.swift; sourceTree = "<group>"; };
		D7FB8E381AF89C9800286272 /* MergeSortedArray.swift */ = {isa = PBXFileReference; fileEncoding = 4; lastKnownFileType = sourcecode.swift; path = MergeSortedArray.swift; sourceTree = "<group>"; };
		D7FB8E391AF89C9800286272 /* PalindromeNumber.swift */ = {isa = PBXFileReference; fileEncoding = 4; lastKnownFileType = sourcecode.swift; path = PalindromeNumber.swift; sourceTree = "<group>"; };
		D7FB8E3A1AF89C9800286272 /* RemoveDuplicatesFromSortedArray.swift */ = {isa = PBXFileReference; fileEncoding = 4; lastKnownFileType = sourcecode.swift; path = RemoveDuplicatesFromSortedArray.swift; sourceTree = "<group>"; };
		D7FB8E3B1AF89C9800286272 /* RemoveElement.swift */ = {isa = PBXFileReference; fileEncoding = 4; lastKnownFileType = sourcecode.swift; path = RemoveElement.swift; sourceTree = "<group>"; };
		D7FB8E3C1AF89C9800286272 /* RemoveNthNodeFromEndOfList.swift */ = {isa = PBXFileReference; fileEncoding = 4; lastKnownFileType = sourcecode.swift; path = RemoveNthNodeFromEndOfList.swift; sourceTree = "<group>"; };
		D7FB8E3D1AF89C9800286272 /* ReverseInteger.swift */ = {isa = PBXFileReference; fileEncoding = 4; lastKnownFileType = sourcecode.swift; path = ReverseInteger.swift; sourceTree = "<group>"; };
		D7FB8E3E1AF89C9800286272 /* RomanToInteger.swift */ = {isa = PBXFileReference; fileEncoding = 4; lastKnownFileType = sourcecode.swift; path = RomanToInteger.swift; sourceTree = "<group>"; };
		D7FB8E3F1AF89C9800286272 /* StringToIntegerAtoi.swift */ = {isa = PBXFileReference; fileEncoding = 4; lastKnownFileType = sourcecode.swift; path = StringToIntegerAtoi.swift; sourceTree = "<group>"; };
		D7FB8E401AF89C9800286272 /* StrStr.swift */ = {isa = PBXFileReference; fileEncoding = 4; lastKnownFileType = sourcecode.swift; path = StrStr.swift; sourceTree = "<group>"; };
		D7FB8E411AF89C9800286272 /* TwoSum.swift */ = {isa = PBXFileReference; fileEncoding = 4; lastKnownFileType = sourcecode.swift; path = TwoSum.swift; sourceTree = "<group>"; };
		D7FB8E421AF89C9800286272 /* ValidParentheses.swift */ = {isa = PBXFileReference; fileEncoding = 4; lastKnownFileType = sourcecode.swift; path = ValidParentheses.swift; sourceTree = "<group>"; };
		D7FB8E431AF89C9800286272 /* ZigZagConversion.swift */ = {isa = PBXFileReference; fileEncoding = 4; lastKnownFileType = sourcecode.swift; path = ZigZagConversion.swift; sourceTree = "<group>"; };
		D7FB8E551AF89CD900286272 /* ListNode.swift */ = {isa = PBXFileReference; fileEncoding = 4; lastKnownFileType = sourcecode.swift; path = ListNode.swift; sourceTree = "<group>"; };
		D7FB8E571AF89D0900286272 /* String+LeetCode.swift */ = {isa = PBXFileReference; fileEncoding = 4; lastKnownFileType = sourcecode.swift; path = "String+LeetCode.swift"; sourceTree = "<group>"; };
		D7FB8E591AF8A51300286272 /* MergeTwoSortedList.swift */ = {isa = PBXFileReference; fileEncoding = 4; lastKnownFileType = sourcecode.swift; path = MergeTwoSortedList.swift; sourceTree = "<group>"; };
		D7FB8E5B1AF8A6FE00286272 /* MergeTwoSortedListTest.swift */ = {isa = PBXFileReference; fileEncoding = 4; lastKnownFileType = sourcecode.swift; path = MergeTwoSortedListTest.swift; sourceTree = "<group>"; };
/* End PBXFileReference section */

/* Begin PBXFrameworksBuildPhase section */
		D7FB8E061AF899FE00286272 /* Frameworks */ = {
			isa = PBXFrameworksBuildPhase;
			buildActionMask = 2147483647;
			files = (
			);
			runOnlyForDeploymentPostprocessing = 0;
		};
/* End PBXFrameworksBuildPhase section */

/* Begin PBXGroup section */
		D77C33131ADE363800D4843B = {
			isa = PBXGroup;
			children = (
				D7FB8E541AF89CCF00286272 /* Shared */,
				D7FB8E331AF89C9800286272 /* Algorithms */,
				D7FB8E0A1AF899FE00286272 /* LeetCodeTests */,
				D77C331D1ADE363800D4843B /* Products */,
			);
			sourceTree = "<group>";
		};
		D77C331D1ADE363800D4843B /* Products */ = {
			isa = PBXGroup;
			children = (
				D7FB8E091AF899FE00286272 /* LeetCodeTests.xctest */,
			);
			name = Products;
			sourceTree = "<group>";
		};
		D7FB8E0A1AF899FE00286272 /* LeetCodeTests */ = {
			isa = PBXGroup;
			children = (
				D7FB8E311AF89B1800286272 /* TwoSumTest.swift */,
				D7FB8E2F1AF89B0F00286272 /* AddTwoNumbersTest.swift */,
				D7FB8E2D1AF89B0400286272 /* ZigZagConversionTest.swift */,
				D7FB8E2B1AF89AF400286272 /* RemoveNthNodeFromEndOfListTest.swift */,
				D7FB8E291AF89AE500286272 /* ValidParenthesesTest.swift */,
				D7FB8E271AF89ADB00286272 /* ReverseIntegerTest.swift */,
				D7FB8E251AF89ACD00286272 /* RemoveDuplicatesFromSortedArrayTest.swift */,
				D7FB8E231AF89AAF00286272 /* RemoveElementTest.swift */,
				D7FB8E211AF89AA200286272 /* MergeSortedArrayTest.swift */,
				D7FB8E1F1AF89A9700286272 /* RomanToIntegerTest.swift */,
				D7FB8E1D1AF89A8200286272 /* StringToIntegerAtoiTest.swift */,
				D7FB8E1B1AF89A7200286272 /* PalindromeNumberTest.swift */,
				D7FB8E191AF89A6500286272 /* LongestCommonPrefixTest.swift */,
				D7FB8E171AF89A3200286272 /* StrStrTest.swift */,
				D7FB8E151AF89A2700286272 /* CountAndSayTest.swift */,
				D7FB8E131AF89A1000286272 /* LengthOfLastWordTest.swift */,
				D7FB8E0B1AF899FE00286272 /* Supporting Files */,
				D7FB8E121AF89A1000286272 /* LeetCodeTests-Bridging-Header.h */,
				D7FB8E5B1AF8A6FE00286272 /* MergeTwoSortedListTest.swift */,
			);
			path = LeetCodeTests;
			sourceTree = "<group>";
		};
		D7FB8E0B1AF899FE00286272 /* Supporting Files */ = {
			isa = PBXGroup;
			children = (
				D7FB8E0C1AF899FE00286272 /* Info.plist */,
			);
			name = "Supporting Files";
			sourceTree = "<group>";
		};
		D7FB8E331AF89C9800286272 /* Algorithms */ = {
			isa = PBXGroup;
			children = (
				D7FB8E341AF89C9800286272 /* AddTwoNumbers.swift */,
				D7FB8E351AF89C9800286272 /* CountAndSay.swift */,
				D7FB8E361AF89C9800286272 /* LengthOfLastWord.swift */,
				D7FB8E371AF89C9800286272 /* LongestCommonPrefix.swift */,
				D7FB8E381AF89C9800286272 /* MergeSortedArray.swift */,
				D7FB8E391AF89C9800286272 /* PalindromeNumber.swift */,
				D7FB8E3A1AF89C9800286272 /* RemoveDuplicatesFromSortedArray.swift */,
				D7FB8E3B1AF89C9800286272 /* RemoveElement.swift */,
				D7FB8E3C1AF89C9800286272 /* RemoveNthNodeFromEndOfList.swift */,
				D7FB8E3D1AF89C9800286272 /* ReverseInteger.swift */,
				D7FB8E3E1AF89C9800286272 /* RomanToInteger.swift */,
				D7FB8E3F1AF89C9800286272 /* StringToIntegerAtoi.swift */,
				D7FB8E401AF89C9800286272 /* StrStr.swift */,
				D7FB8E411AF89C9800286272 /* TwoSum.swift */,
				D7FB8E421AF89C9800286272 /* ValidParentheses.swift */,
				D7FB8E431AF89C9800286272 /* ZigZagConversion.swift */,
				D7FB8E591AF8A51300286272 /* MergeTwoSortedList.swift */,
			);
			path = Algorithms;
			sourceTree = "<group>";
		};
		D7FB8E541AF89CCF00286272 /* Shared */ = {
			isa = PBXGroup;
			children = (
				D7FB8E551AF89CD900286272 /* ListNode.swift */,
				D7FB8E571AF89D0900286272 /* String+LeetCode.swift */,
			);
			path = Shared;
			sourceTree = "<group>";
		};
/* End PBXGroup section */

/* Begin PBXNativeTarget section */
		D7FB8E081AF899FE00286272 /* LeetCodeTests */ = {
			isa = PBXNativeTarget;
			buildConfigurationList = D7FB8E0F1AF899FE00286272 /* Build configuration list for PBXNativeTarget "LeetCodeTests" */;
			buildPhases = (
				D7FB8E051AF899FE00286272 /* Sources */,
				D7FB8E061AF899FE00286272 /* Frameworks */,
				D7FB8E071AF899FE00286272 /* Resources */,
			);
			buildRules = (
			);
			dependencies = (
			);
			name = LeetCodeTests;
			productName = LeetCodeTests;
			productReference = D7FB8E091AF899FE00286272 /* LeetCodeTests.xctest */;
			productType = "com.apple.product-type.bundle.unit-test";
		};
/* End PBXNativeTarget section */

/* Begin PBXProject section */
		D77C33141ADE363800D4843B /* Project object */ = {
			isa = PBXProject;
			attributes = {
				LastUpgradeCheck = 0630;
				ORGANIZATIONNAME = "Lex Tang";
				TargetAttributes = {
					D7FB8E081AF899FE00286272 = {
						CreatedOnToolsVersion = 6.3.1;
					};
				};
			};
			buildConfigurationList = D77C33171ADE363800D4843B /* Build configuration list for PBXProject "LeetCode" */;
			compatibilityVersion = "Xcode 3.2";
			developmentRegion = English;
			hasScannedForEncodings = 0;
			knownRegions = (
				en,
			);
			mainGroup = D77C33131ADE363800D4843B;
			productRefGroup = D77C331D1ADE363800D4843B /* Products */;
			projectDirPath = "";
			projectRoot = "";
			targets = (
				D7FB8E081AF899FE00286272 /* LeetCodeTests */,
			);
		};
/* End PBXProject section */

/* Begin PBXResourcesBuildPhase section */
		D7FB8E071AF899FE00286272 /* Resources */ = {
			isa = PBXResourcesBuildPhase;
			buildActionMask = 2147483647;
			files = (
			);
			runOnlyForDeploymentPostprocessing = 0;
		};
/* End PBXResourcesBuildPhase section */

/* Begin PBXSourcesBuildPhase section */
		D7FB8E051AF899FE00286272 /* Sources */ = {
			isa = PBXSourcesBuildPhase;
			buildActionMask = 2147483647;
			files = (
				D7FB8E581AF89D0900286272 /* String+LeetCode.swift in Sources */,
				D7FB8E561AF89CD900286272 /* ListNode.swift in Sources */,
				D7FB8E461AF89C9800286272 /* LengthOfLastWord.swift in Sources */,
				D7FB8E141AF89A1000286272 /* LengthOfLastWordTest.swift in Sources */,
				D7FB8E5A1AF8A51300286272 /* MergeTwoSortedList.swift in Sources */,
				D7FB8E451AF89C9800286272 /* CountAndSay.swift in Sources */,
				D7FB8E531AF89C9800286272 /* ZigZagConversion.swift in Sources */,
				D7FB8E491AF89C9800286272 /* PalindromeNumber.swift in Sources */,
				D7FB8E2C1AF89AF400286272 /* RemoveNthNodeFromEndOfListTest.swift in Sources */,
				D7FB8E4F1AF89C9800286272 /* StringToIntegerAtoi.swift in Sources */,
				D7FB8E5C1AF8A6FE00286272 /* MergeTwoSortedListTest.swift in Sources */,
				D7FB8E201AF89A9700286272 /* RomanToIntegerTest.swift in Sources */,
				D7FB8E161AF89A2700286272 /* CountAndSayTest.swift in Sources */,
				D7FB8E4E1AF89C9800286272 /* RomanToInteger.swift in Sources */,
				D7FB8E181AF89A3200286272 /* StrStrTest.swift in Sources */,
				D7FB8E2E1AF89B0400286272 /* ZigZagConversionTest.swift in Sources */,
				D7FB8E4A1AF89C9800286272 /* RemoveDuplicatesFromSortedArray.swift in Sources */,
				D7FB8E441AF89C9800286272 /* AddTwoNumbers.swift in Sources */,
				D7FB8E1E1AF89A8200286272 /* StringToIntegerAtoiTest.swift in Sources */,
				D7FB8E241AF89AAF00286272 /* RemoveElementTest.swift in Sources */,
				D7FB8E471AF89C9800286272 /* LongestCommonPrefix.swift in Sources */,
				D7FB8E4B1AF89C9800286272 /* RemoveElement.swift in Sources */,
				D7FB8E261AF89ACD00286272 /* RemoveDuplicatesFromSortedArrayTest.swift in Sources */,
				D7FB8E221AF89AA200286272 /* MergeSortedArrayTest.swift in Sources */,
				D7FB8E321AF89B1800286272 /* TwoSumTest.swift in Sources */,
				D7FB8E511AF89C9800286272 /* TwoSum.swift in Sources */,
				D7FB8E301AF89B0F00286272 /* AddTwoNumbersTest.swift in Sources */,
				D7FB8E481AF89C9800286272 /* MergeSortedArray.swift in Sources */,
				D7FB8E1C1AF89A7300286272 /* PalindromeNumberTest.swift in Sources */,
				D7FB8E281AF89ADB00286272 /* ReverseIntegerTest.swift in Sources */,
				D7FB8E1A1AF89A6500286272 /* LongestCommonPrefixTest.swift in Sources */,
				D7FB8E2A1AF89AE500286272 /* ValidParenthesesTest.swift in Sources */,
				D7FB8E4C1AF89C9800286272 /* RemoveNthNodeFromEndOfList.swift in Sources */,
				D7FB8E501AF89C9800286272 /* StrStr.swift in Sources */,
				D7FB8E521AF89C9800286272 /* ValidParentheses.swift in Sources */,
				D7FB8E4D1AF89C9800286272 /* ReverseInteger.swift in Sources */,
			);
			runOnlyForDeploymentPostprocessing = 0;
		};
/* End PBXSourcesBuildPhase section */

/* Begin XCBuildConfiguration section */
		D77C33211ADE363800D4843B /* Debug */ = {
			isa = XCBuildConfiguration;
			buildSettings = {
				ALWAYS_SEARCH_USER_PATHS = NO;
				CLANG_CXX_LANGUAGE_STANDARD = "gnu++0x";
				CLANG_CXX_LIBRARY = "libc++";
				CLANG_ENABLE_MODULES = YES;
				CLANG_ENABLE_OBJC_ARC = YES;
				CLANG_WARN_BOOL_CONVERSION = YES;
				CLANG_WARN_CONSTANT_CONVERSION = YES;
				CLANG_WARN_DIRECT_OBJC_ISA_USAGE = YES_ERROR;
				CLANG_WARN_EMPTY_BODY = YES;
				CLANG_WARN_ENUM_CONVERSION = YES;
				CLANG_WARN_INT_CONVERSION = YES;
				CLANG_WARN_OBJC_ROOT_CLASS = YES_ERROR;
				CLANG_WARN_UNREACHABLE_CODE = YES;
				CLANG_WARN__DUPLICATE_METHOD_MATCH = YES;
				COPY_PHASE_STRIP = NO;
				DEBUG_INFORMATION_FORMAT = dwarf;
				ENABLE_STRICT_OBJC_MSGSEND = YES;
				GCC_C_LANGUAGE_STANDARD = gnu99;
				GCC_DYNAMIC_NO_PIC = NO;
				GCC_NO_COMMON_BLOCKS = YES;
				GCC_OPTIMIZATION_LEVEL = 0;
				GCC_PREPROCESSOR_DEFINITIONS = (
					"DEBUG=1",
					"$(inherited)",
				);
				GCC_SYMBOLS_PRIVATE_EXTERN = NO;
				GCC_WARN_64_TO_32_BIT_CONVERSION = YES;
				GCC_WARN_ABOUT_RETURN_TYPE = YES_ERROR;
				GCC_WARN_UNDECLARED_SELECTOR = YES;
				GCC_WARN_UNINITIALIZED_AUTOS = YES_AGGRESSIVE;
				GCC_WARN_UNUSED_FUNCTION = YES;
				GCC_WARN_UNUSED_VARIABLE = YES;
				MTL_ENABLE_DEBUG_INFO = YES;
				ONLY_ACTIVE_ARCH = YES;
				SDKROOT = macosx;
				SWIFT_OPTIMIZATION_LEVEL = "-O";
			};
			name = Debug;
		};
		D77C33221ADE363800D4843B /* Release */ = {
			isa = XCBuildConfiguration;
			buildSettings = {
				ALWAYS_SEARCH_USER_PATHS = NO;
				CLANG_CXX_LANGUAGE_STANDARD = "gnu++0x";
				CLANG_CXX_LIBRARY = "libc++";
				CLANG_ENABLE_MODULES = YES;
				CLANG_ENABLE_OBJC_ARC = YES;
				CLANG_WARN_BOOL_CONVERSION = YES;
				CLANG_WARN_CONSTANT_CONVERSION = YES;
				CLANG_WARN_DIRECT_OBJC_ISA_USAGE = YES_ERROR;
				CLANG_WARN_EMPTY_BODY = YES;
				CLANG_WARN_ENUM_CONVERSION = YES;
				CLANG_WARN_INT_CONVERSION = YES;
				CLANG_WARN_OBJC_ROOT_CLASS = YES_ERROR;
				CLANG_WARN_UNREACHABLE_CODE = YES;
				CLANG_WARN__DUPLICATE_METHOD_MATCH = YES;
				COPY_PHASE_STRIP = NO;
				DEBUG_INFORMATION_FORMAT = "dwarf-with-dsym";
				ENABLE_NS_ASSERTIONS = NO;
				ENABLE_STRICT_OBJC_MSGSEND = YES;
				GCC_C_LANGUAGE_STANDARD = gnu99;
				GCC_NO_COMMON_BLOCKS = YES;
				GCC_WARN_64_TO_32_BIT_CONVERSION = YES;
				GCC_WARN_ABOUT_RETURN_TYPE = YES_ERROR;
				GCC_WARN_UNDECLARED_SELECTOR = YES;
				GCC_WARN_UNINITIALIZED_AUTOS = YES_AGGRESSIVE;
				GCC_WARN_UNUSED_FUNCTION = YES;
				GCC_WARN_UNUSED_VARIABLE = YES;
				MTL_ENABLE_DEBUG_INFO = NO;
				SDKROOT = macosx;
			};
			name = Release;
		};
		D7FB8E101AF899FE00286272 /* Debug */ = {
			isa = XCBuildConfiguration;
			buildSettings = {
				CLANG_ENABLE_MODULES = YES;
				COMBINE_HIDPI_IMAGES = YES;
				FRAMEWORK_SEARCH_PATHS = (
					"$(DEVELOPER_FRAMEWORKS_DIR)",
					"$(inherited)",
				);
				GCC_PREPROCESSOR_DEFINITIONS = (
					"DEBUG=1",
					"$(inherited)",
				);
				INFOPLIST_FILE = LeetCodeTests/Info.plist;
				LD_RUNPATH_SEARCH_PATHS = "$(inherited) @executable_path/../Frameworks @loader_path/../Frameworks";
				PRODUCT_NAME = "$(TARGET_NAME)";
				SWIFT_OBJC_BRIDGING_HEADER = "LeetCodeTests/LeetCodeTests-Bridging-Header.h";
				SWIFT_OPTIMIZATION_LEVEL = "-Onone";
			};
			name = Debug;
		};
		D7FB8E111AF899FE00286272 /* Release */ = {
			isa = XCBuildConfiguration;
			buildSettings = {
				CLANG_ENABLE_MODULES = YES;
				COMBINE_HIDPI_IMAGES = YES;
				FRAMEWORK_SEARCH_PATHS = (
					"$(DEVELOPER_FRAMEWORKS_DIR)",
					"$(inherited)",
				);
				INFOPLIST_FILE = LeetCodeTests/Info.plist;
				LD_RUNPATH_SEARCH_PATHS = "$(inherited) @executable_path/../Frameworks @loader_path/../Frameworks";
				PRODUCT_NAME = "$(TARGET_NAME)";
				SWIFT_OBJC_BRIDGING_HEADER = "LeetCodeTests/LeetCodeTests-Bridging-Header.h";
			};
			name = Release;
		};
/* End XCBuildConfiguration section */

/* Begin XCConfigurationList section */
		D77C33171ADE363800D4843B /* Build configuration list for PBXProject "LeetCode" */ = {
			isa = XCConfigurationList;
			buildConfigurations = (
				D77C33211ADE363800D4843B /* Debug */,
				D77C33221ADE363800D4843B /* Release */,
			);
			defaultConfigurationIsVisible = 0;
			defaultConfigurationName = Release;
		};
		D7FB8E0F1AF899FE00286272 /* Build configuration list for PBXNativeTarget "LeetCodeTests" */ = {
			isa = XCConfigurationList;
			buildConfigurations = (
				D7FB8E101AF899FE00286272 /* Debug */,
				D7FB8E111AF899FE00286272 /* Release */,
			);
			defaultConfigurationIsVisible = 0;
			defaultConfigurationName = Release;
		};
/* End XCConfigurationList section */
	};
	rootObject = D77C33141ADE363800D4843B /* Project object */;
}
