// !$*UTF8*$!
{
	archiveVersion = 1;
	classes = {
	};
	objectVersion = 46;
	objects = {

/* Begin PBXBuildFile section */
		D772ECE71AEBE99900C12BA2 /* RomanToIntegerTest.swift in Sources */ = {isa = PBXBuildFile; fileRef = D772ECE61AEBE99900C12BA2 /* RomanToIntegerTest.swift */; };
		D772ECEE1AEBF0DC00C12BA2 /* RomanToInteger.swift in Sources */ = {isa = PBXBuildFile; fileRef = D772ECED1AEBF0DC00C12BA2 /* RomanToInteger.swift */; };
		D77C332F1ADE36BB00D4843B /* TwoSumTest.swift in Sources */ = {isa = PBXBuildFile; fileRef = D77C332E1ADE36BB00D4843B /* TwoSumTest.swift */; };
		D77C33341ADE373B00D4843B /* TwoSum.swift in Sources */ = {isa = PBXBuildFile; fileRef = D77C33331ADE373B00D4843B /* TwoSum.swift */; };
		D77C333E1ADE61B200D4843B /* MedianOfTwoSortedArraysTest.swift in Sources */ = {isa = PBXBuildFile; fileRef = D77C333D1ADE61B200D4843B /* MedianOfTwoSortedArraysTest.swift */; };
		D77C33431ADF562100D4843B /* MedianOfTwoSortedArrays.swift in Sources */ = {isa = PBXBuildFile; fileRef = D77C33421ADF562100D4843B /* MedianOfTwoSortedArrays.swift */; };
		D77C334D1ADF581300D4843B /* AddTwoNumbersTest.swift in Sources */ = {isa = PBXBuildFile; fileRef = D77C334C1ADF581300D4843B /* AddTwoNumbersTest.swift */; };
		D77C33521ADF58CC00D4843B /* AddTwoNumbers.swift in Sources */ = {isa = PBXBuildFile; fileRef = D77C33511ADF58CC00D4843B /* AddTwoNumbers.swift */; };
		D77C335C1ADFC24000D4843B /* ZigZagConversionTest.swift in Sources */ = {isa = PBXBuildFile; fileRef = D77C335B1ADFC24000D4843B /* ZigZagConversionTest.swift */; };
		D77C33611ADFC25C00D4843B /* ZigZagConversion.swift in Sources */ = {isa = PBXBuildFile; fileRef = D77C33601ADFC25C00D4843B /* ZigZagConversion.swift */; };
		D77C336B1AE0A91800D4843B /* RemoveNthNodeFromEndOfListTest.swift in Sources */ = {isa = PBXBuildFile; fileRef = D77C336A1AE0A91800D4843B /* RemoveNthNodeFromEndOfListTest.swift */; };
		D77C33701AE0A94400D4843B /* RemoveNthNodeFromEndOfList.swift in Sources */ = {isa = PBXBuildFile; fileRef = D77C336F1AE0A94400D4843B /* RemoveNthNodeFromEndOfList.swift */; };
		D77C337A1AE0B6F100D4843B /* ValidParenthesesTest.swift in Sources */ = {isa = PBXBuildFile; fileRef = D77C33791AE0B6F100D4843B /* ValidParenthesesTest.swift */; };
		D77C337F1AE0B70900D4843B /* ValidParentheses.swift in Sources */ = {isa = PBXBuildFile; fileRef = D77C337E1AE0B70900D4843B /* ValidParentheses.swift */; };
		D77C33891AE0F7B300D4843B /* ReverseIntegerTest.swift in Sources */ = {isa = PBXBuildFile; fileRef = D77C33881AE0F7B300D4843B /* ReverseIntegerTest.swift */; };
		D77C338E1AE0F7D200D4843B /* ReverseInteger.swift in Sources */ = {isa = PBXBuildFile; fileRef = D77C338D1AE0F7D200D4843B /* ReverseInteger.swift */; };
		D77C339B1AE60F9F00D4843B /* RemoveDuplicatesFromSortedArrayTest.swift in Sources */ = {isa = PBXBuildFile; fileRef = D77C339A1AE60F9F00D4843B /* RemoveDuplicatesFromSortedArrayTest.swift */; };
		D77C33A01AE60FD000D4843B /* RemoveDuplicatesFromSortedArray.swift in Sources */ = {isa = PBXBuildFile; fileRef = D77C339F1AE60FD000D4843B /* RemoveDuplicatesFromSortedArray.swift */; };
		D77C33AA1AE779CA00D4843B /* RemoveElementTest.swift in Sources */ = {isa = PBXBuildFile; fileRef = D77C33A91AE779CA00D4843B /* RemoveElementTest.swift */; };
		D77C33AF1AE779F100D4843B /* RemoveElement.swift in Sources */ = {isa = PBXBuildFile; fileRef = D77C33AE1AE779F100D4843B /* RemoveElement.swift */; };
		D77C33B91AE77F6F00D4843B /* MergeSortedArrayTest.swift in Sources */ = {isa = PBXBuildFile; fileRef = D77C33B81AE77F6F00D4843B /* MergeSortedArrayTest.swift */; };
		D77C33BE1AE77F9500D4843B /* MergeSortedArray.swift in Sources */ = {isa = PBXBuildFile; fileRef = D77C33BD1AE77F9500D4843B /* MergeSortedArray.swift */; };
/* End PBXBuildFile section */

/* Begin PBXFileReference section */
		D772ECE21AEBE99900C12BA2 /* RomanToInteger.xctest */ = {isa = PBXFileReference; explicitFileType = wrapper.cfbundle; includeInIndex = 0; path = RomanToInteger.xctest; sourceTree = BUILT_PRODUCTS_DIR; };
		D772ECE51AEBE99900C12BA2 /* Info.plist */ = {isa = PBXFileReference; lastKnownFileType = text.plist.xml; path = Info.plist; sourceTree = "<group>"; };
		D772ECE61AEBE99900C12BA2 /* RomanToIntegerTest.swift */ = {isa = PBXFileReference; lastKnownFileType = sourcecode.swift; path = RomanToIntegerTest.swift; sourceTree = "<group>"; };
		D772ECED1AEBF0DC00C12BA2 /* RomanToInteger.swift */ = {isa = PBXFileReference; fileEncoding = 4; lastKnownFileType = sourcecode.swift; path = RomanToInteger.swift; sourceTree = "<group>"; };
		D77C332A1ADE36BB00D4843B /* TwoSum.xctest */ = {isa = PBXFileReference; explicitFileType = wrapper.cfbundle; includeInIndex = 0; path = TwoSum.xctest; sourceTree = BUILT_PRODUCTS_DIR; };
		D77C332D1ADE36BB00D4843B /* Info.plist */ = {isa = PBXFileReference; lastKnownFileType = text.plist.xml; path = Info.plist; sourceTree = "<group>"; };
		D77C332E1ADE36BB00D4843B /* TwoSumTest.swift */ = {isa = PBXFileReference; lastKnownFileType = sourcecode.swift; path = TwoSumTest.swift; sourceTree = "<group>"; };
		D77C33331ADE373B00D4843B /* TwoSum.swift */ = {isa = PBXFileReference; fileEncoding = 4; lastKnownFileType = sourcecode.swift; path = TwoSum.swift; sourceTree = "<group>"; };
		D77C33391ADE61B200D4843B /* MedianOfTwoSortedArrays.xctest */ = {isa = PBXFileReference; explicitFileType = wrapper.cfbundle; includeInIndex = 0; path = MedianOfTwoSortedArrays.xctest; sourceTree = BUILT_PRODUCTS_DIR; };
		D77C333C1ADE61B200D4843B /* Info.plist */ = {isa = PBXFileReference; lastKnownFileType = text.plist.xml; path = Info.plist; sourceTree = "<group>"; };
		D77C333D1ADE61B200D4843B /* MedianOfTwoSortedArraysTest.swift */ = {isa = PBXFileReference; lastKnownFileType = sourcecode.swift; path = MedianOfTwoSortedArraysTest.swift; sourceTree = "<group>"; };
		D77C33421ADF562100D4843B /* MedianOfTwoSortedArrays.swift */ = {isa = PBXFileReference; fileEncoding = 4; lastKnownFileType = sourcecode.swift; path = MedianOfTwoSortedArrays.swift; sourceTree = "<group>"; };
		D77C33481ADF581200D4843B /* AddTwoNumbers.xctest */ = {isa = PBXFileReference; explicitFileType = wrapper.cfbundle; includeInIndex = 0; path = AddTwoNumbers.xctest; sourceTree = BUILT_PRODUCTS_DIR; };
		D77C334B1ADF581200D4843B /* Info.plist */ = {isa = PBXFileReference; lastKnownFileType = text.plist.xml; path = Info.plist; sourceTree = "<group>"; };
		D77C334C1ADF581300D4843B /* AddTwoNumbersTest.swift */ = {isa = PBXFileReference; lastKnownFileType = sourcecode.swift; path = AddTwoNumbersTest.swift; sourceTree = "<group>"; };
		D77C33511ADF58CC00D4843B /* AddTwoNumbers.swift */ = {isa = PBXFileReference; fileEncoding = 4; lastKnownFileType = sourcecode.swift; path = AddTwoNumbers.swift; sourceTree = "<group>"; };
		D77C33571ADFC24000D4843B /* ZigZagConversion.xctest */ = {isa = PBXFileReference; explicitFileType = wrapper.cfbundle; includeInIndex = 0; path = ZigZagConversion.xctest; sourceTree = BUILT_PRODUCTS_DIR; };
		D77C335A1ADFC24000D4843B /* Info.plist */ = {isa = PBXFileReference; lastKnownFileType = text.plist.xml; path = Info.plist; sourceTree = "<group>"; };
		D77C335B1ADFC24000D4843B /* ZigZagConversionTest.swift */ = {isa = PBXFileReference; lastKnownFileType = sourcecode.swift; path = ZigZagConversionTest.swift; sourceTree = "<group>"; };
		D77C33601ADFC25C00D4843B /* ZigZagConversion.swift */ = {isa = PBXFileReference; fileEncoding = 4; lastKnownFileType = sourcecode.swift; path = ZigZagConversion.swift; sourceTree = "<group>"; };
		D77C33661AE0A91800D4843B /* RemoveNthNodeFromEndOfList.xctest */ = {isa = PBXFileReference; explicitFileType = wrapper.cfbundle; includeInIndex = 0; path = RemoveNthNodeFromEndOfList.xctest; sourceTree = BUILT_PRODUCTS_DIR; };
		D77C33691AE0A91800D4843B /* Info.plist */ = {isa = PBXFileReference; lastKnownFileType = text.plist.xml; path = Info.plist; sourceTree = "<group>"; };
		D77C336A1AE0A91800D4843B /* RemoveNthNodeFromEndOfListTest.swift */ = {isa = PBXFileReference; lastKnownFileType = sourcecode.swift; path = RemoveNthNodeFromEndOfListTest.swift; sourceTree = "<group>"; };
		D77C336F1AE0A94400D4843B /* RemoveNthNodeFromEndOfList.swift */ = {isa = PBXFileReference; fileEncoding = 4; lastKnownFileType = sourcecode.swift; path = RemoveNthNodeFromEndOfList.swift; sourceTree = "<group>"; };
		D77C33751AE0B6F100D4843B /* ValidParentheses.xctest */ = {isa = PBXFileReference; explicitFileType = wrapper.cfbundle; includeInIndex = 0; path = ValidParentheses.xctest; sourceTree = BUILT_PRODUCTS_DIR; };
		D77C33781AE0B6F100D4843B /* Info.plist */ = {isa = PBXFileReference; lastKnownFileType = text.plist.xml; path = Info.plist; sourceTree = "<group>"; };
		D77C33791AE0B6F100D4843B /* ValidParenthesesTest.swift */ = {isa = PBXFileReference; lastKnownFileType = sourcecode.swift; path = ValidParenthesesTest.swift; sourceTree = "<group>"; };
		D77C337E1AE0B70900D4843B /* ValidParentheses.swift */ = {isa = PBXFileReference; fileEncoding = 4; lastKnownFileType = sourcecode.swift; path = ValidParentheses.swift; sourceTree = "<group>"; };
		D77C33841AE0F7B300D4843B /* ReverseInteger.xctest */ = {isa = PBXFileReference; explicitFileType = wrapper.cfbundle; includeInIndex = 0; path = ReverseInteger.xctest; sourceTree = BUILT_PRODUCTS_DIR; };
		D77C33871AE0F7B300D4843B /* Info.plist */ = {isa = PBXFileReference; lastKnownFileType = text.plist.xml; path = Info.plist; sourceTree = "<group>"; };
		D77C33881AE0F7B300D4843B /* ReverseIntegerTest.swift */ = {isa = PBXFileReference; lastKnownFileType = sourcecode.swift; path = ReverseIntegerTest.swift; sourceTree = "<group>"; };
		D77C338D1AE0F7D200D4843B /* ReverseInteger.swift */ = {isa = PBXFileReference; fileEncoding = 4; lastKnownFileType = sourcecode.swift; path = ReverseInteger.swift; sourceTree = "<group>"; };
		D77C33961AE60F9F00D4843B /* RemoveDuplicatesFromSortedArray.xctest */ = {isa = PBXFileReference; explicitFileType = wrapper.cfbundle; includeInIndex = 0; path = RemoveDuplicatesFromSortedArray.xctest; sourceTree = BUILT_PRODUCTS_DIR; };
		D77C33991AE60F9F00D4843B /* Info.plist */ = {isa = PBXFileReference; lastKnownFileType = text.plist.xml; path = Info.plist; sourceTree = "<group>"; };
		D77C339A1AE60F9F00D4843B /* RemoveDuplicatesFromSortedArrayTest.swift */ = {isa = PBXFileReference; lastKnownFileType = sourcecode.swift; path = RemoveDuplicatesFromSortedArrayTest.swift; sourceTree = "<group>"; };
		D77C339F1AE60FD000D4843B /* RemoveDuplicatesFromSortedArray.swift */ = {isa = PBXFileReference; fileEncoding = 4; lastKnownFileType = sourcecode.swift; path = RemoveDuplicatesFromSortedArray.swift; sourceTree = "<group>"; };
		D77C33A51AE779CA00D4843B /* RemoveElement.xctest */ = {isa = PBXFileReference; explicitFileType = wrapper.cfbundle; includeInIndex = 0; path = RemoveElement.xctest; sourceTree = BUILT_PRODUCTS_DIR; };
		D77C33A81AE779CA00D4843B /* Info.plist */ = {isa = PBXFileReference; lastKnownFileType = text.plist.xml; path = Info.plist; sourceTree = "<group>"; };
		D77C33A91AE779CA00D4843B /* RemoveElementTest.swift */ = {isa = PBXFileReference; lastKnownFileType = sourcecode.swift; path = RemoveElementTest.swift; sourceTree = "<group>"; };
		D77C33AE1AE779F100D4843B /* RemoveElement.swift */ = {isa = PBXFileReference; fileEncoding = 4; lastKnownFileType = sourcecode.swift; path = RemoveElement.swift; sourceTree = "<group>"; };
		D77C33B41AE77F6F00D4843B /* MergeSortedArray.xctest */ = {isa = PBXFileReference; explicitFileType = wrapper.cfbundle; includeInIndex = 0; path = MergeSortedArray.xctest; sourceTree = BUILT_PRODUCTS_DIR; };
		D77C33B71AE77F6F00D4843B /* Info.plist */ = {isa = PBXFileReference; lastKnownFileType = text.plist.xml; path = Info.plist; sourceTree = "<group>"; };
		D77C33B81AE77F6F00D4843B /* MergeSortedArrayTest.swift */ = {isa = PBXFileReference; lastKnownFileType = sourcecode.swift; path = MergeSortedArrayTest.swift; sourceTree = "<group>"; };
		D77C33BD1AE77F9500D4843B /* MergeSortedArray.swift */ = {isa = PBXFileReference; fileEncoding = 4; lastKnownFileType = sourcecode.swift; path = MergeSortedArray.swift; sourceTree = "<group>"; };
/* End PBXFileReference section */

/* Begin PBXFrameworksBuildPhase section */
		D772ECDF1AEBE99900C12BA2 /* Frameworks */ = {
			isa = PBXFrameworksBuildPhase;
			buildActionMask = 2147483647;
			files = (
			);
			runOnlyForDeploymentPostprocessing = 0;
		};
		D77C33271ADE36BB00D4843B /* Frameworks */ = {
			isa = PBXFrameworksBuildPhase;
			buildActionMask = 2147483647;
			files = (
			);
			runOnlyForDeploymentPostprocessing = 0;
		};
		D77C33361ADE61B200D4843B /* Frameworks */ = {
			isa = PBXFrameworksBuildPhase;
			buildActionMask = 2147483647;
			files = (
			);
			runOnlyForDeploymentPostprocessing = 0;
		};
		D77C33451ADF581200D4843B /* Frameworks */ = {
			isa = PBXFrameworksBuildPhase;
			buildActionMask = 2147483647;
			files = (
			);
			runOnlyForDeploymentPostprocessing = 0;
		};
		D77C33541ADFC24000D4843B /* Frameworks */ = {
			isa = PBXFrameworksBuildPhase;
			buildActionMask = 2147483647;
			files = (
			);
			runOnlyForDeploymentPostprocessing = 0;
		};
		D77C33631AE0A91800D4843B /* Frameworks */ = {
			isa = PBXFrameworksBuildPhase;
			buildActionMask = 2147483647;
			files = (
			);
			runOnlyForDeploymentPostprocessing = 0;
		};
		D77C33721AE0B6F100D4843B /* Frameworks */ = {
			isa = PBXFrameworksBuildPhase;
			buildActionMask = 2147483647;
			files = (
			);
			runOnlyForDeploymentPostprocessing = 0;
		};
		D77C33811AE0F7B300D4843B /* Frameworks */ = {
			isa = PBXFrameworksBuildPhase;
			buildActionMask = 2147483647;
			files = (
			);
			runOnlyForDeploymentPostprocessing = 0;
		};
		D77C33931AE60F9F00D4843B /* Frameworks */ = {
			isa = PBXFrameworksBuildPhase;
			buildActionMask = 2147483647;
			files = (
			);
			runOnlyForDeploymentPostprocessing = 0;
		};
		D77C33A21AE779CA00D4843B /* Frameworks */ = {
			isa = PBXFrameworksBuildPhase;
			buildActionMask = 2147483647;
			files = (
			);
			runOnlyForDeploymentPostprocessing = 0;
		};
		D77C33B11AE77F6F00D4843B /* Frameworks */ = {
			isa = PBXFrameworksBuildPhase;
			buildActionMask = 2147483647;
			files = (
			);
			runOnlyForDeploymentPostprocessing = 0;
		};
/* End PBXFrameworksBuildPhase section */

/* Begin PBXGroup section */
		D772ECE31AEBE99900C12BA2 /* RomanToInteger */ = {
			isa = PBXGroup;
			children = (
				D772ECED1AEBF0DC00C12BA2 /* RomanToInteger.swift */,
				D772ECE61AEBE99900C12BA2 /* RomanToIntegerTest.swift */,
				D772ECE41AEBE99900C12BA2 /* Supporting Files */,
			);
			path = RomanToInteger;
			sourceTree = "<group>";
		};
		D772ECE41AEBE99900C12BA2 /* Supporting Files */ = {
			isa = PBXGroup;
			children = (
				D772ECE51AEBE99900C12BA2 /* Info.plist */,
			);
			name = "Supporting Files";
			sourceTree = "<group>";
		};
		D77C33131ADE363800D4843B = {
			isa = PBXGroup;
			children = (
				D77C332B1ADE36BB00D4843B /* TwoSum */,
				D77C33491ADF581200D4843B /* AddTwoNumbers */,
				D77C333A1ADE61B200D4843B /* MedianOfTwoSortedArrays */,
				D77C33581ADFC24000D4843B /* ZigZagConversion */,
				D77C33671AE0A91800D4843B /* RemoveNthNodeFromEndOfList */,
				D77C33761AE0B6F100D4843B /* ValidParentheses */,
				D77C33851AE0F7B300D4843B /* ReverseInteger */,
				D77C33971AE60F9F00D4843B /* RemoveDuplicatesFromSortedArray */,
				D77C33A61AE779CA00D4843B /* RemoveElement */,
				D77C33B51AE77F6F00D4843B /* MergeSortedArray */,
				D772ECE31AEBE99900C12BA2 /* RomanToInteger */,
				D77C331D1ADE363800D4843B /* Products */,
			);
			sourceTree = "<group>";
		};
		D77C331D1ADE363800D4843B /* Products */ = {
			isa = PBXGroup;
			children = (
				D77C332A1ADE36BB00D4843B /* TwoSum.xctest */,
				D77C33391ADE61B200D4843B /* MedianOfTwoSortedArrays.xctest */,
				D77C33481ADF581200D4843B /* AddTwoNumbers.xctest */,
				D77C33571ADFC24000D4843B /* ZigZagConversion.xctest */,
				D77C33661AE0A91800D4843B /* RemoveNthNodeFromEndOfList.xctest */,
				D77C33751AE0B6F100D4843B /* ValidParentheses.xctest */,
				D77C33841AE0F7B300D4843B /* ReverseInteger.xctest */,
				D77C33961AE60F9F00D4843B /* RemoveDuplicatesFromSortedArray.xctest */,
				D77C33A51AE779CA00D4843B /* RemoveElement.xctest */,
				D77C33B41AE77F6F00D4843B /* MergeSortedArray.xctest */,
				D772ECE21AEBE99900C12BA2 /* RomanToInteger.xctest */,
			);
			name = Products;
			sourceTree = "<group>";
		};
		D77C332B1ADE36BB00D4843B /* TwoSum */ = {
			isa = PBXGroup;
			children = (
				D77C33331ADE373B00D4843B /* TwoSum.swift */,
				D77C332E1ADE36BB00D4843B /* TwoSumTest.swift */,
				D77C332C1ADE36BB00D4843B /* Supporting Files */,
			);
			path = TwoSum;
			sourceTree = "<group>";
		};
		D77C332C1ADE36BB00D4843B /* Supporting Files */ = {
			isa = PBXGroup;
			children = (
				D77C332D1ADE36BB00D4843B /* Info.plist */,
			);
			name = "Supporting Files";
			sourceTree = "<group>";
		};
		D77C333A1ADE61B200D4843B /* MedianOfTwoSortedArrays */ = {
			isa = PBXGroup;
			children = (
				D77C33421ADF562100D4843B /* MedianOfTwoSortedArrays.swift */,
				D77C333D1ADE61B200D4843B /* MedianOfTwoSortedArraysTest.swift */,
				D77C333B1ADE61B200D4843B /* Supporting Files */,
			);
			path = MedianOfTwoSortedArrays;
			sourceTree = "<group>";
		};
		D77C333B1ADE61B200D4843B /* Supporting Files */ = {
			isa = PBXGroup;
			children = (
				D77C333C1ADE61B200D4843B /* Info.plist */,
			);
			name = "Supporting Files";
			sourceTree = "<group>";
		};
		D77C33491ADF581200D4843B /* AddTwoNumbers */ = {
			isa = PBXGroup;
			children = (
				D77C33511ADF58CC00D4843B /* AddTwoNumbers.swift */,
				D77C334C1ADF581300D4843B /* AddTwoNumbersTest.swift */,
				D77C334A1ADF581200D4843B /* Supporting Files */,
			);
			path = AddTwoNumbers;
			sourceTree = "<group>";
		};
		D77C334A1ADF581200D4843B /* Supporting Files */ = {
			isa = PBXGroup;
			children = (
				D77C334B1ADF581200D4843B /* Info.plist */,
			);
			name = "Supporting Files";
			sourceTree = "<group>";
		};
		D77C33581ADFC24000D4843B /* ZigZagConversion */ = {
			isa = PBXGroup;
			children = (
				D77C33601ADFC25C00D4843B /* ZigZagConversion.swift */,
				D77C335B1ADFC24000D4843B /* ZigZagConversionTest.swift */,
				D77C33591ADFC24000D4843B /* Supporting Files */,
			);
			path = ZigZagConversion;
			sourceTree = "<group>";
		};
		D77C33591ADFC24000D4843B /* Supporting Files */ = {
			isa = PBXGroup;
			children = (
				D77C335A1ADFC24000D4843B /* Info.plist */,
			);
			name = "Supporting Files";
			sourceTree = "<group>";
		};
		D77C33671AE0A91800D4843B /* RemoveNthNodeFromEndOfList */ = {
			isa = PBXGroup;
			children = (
				D77C336F1AE0A94400D4843B /* RemoveNthNodeFromEndOfList.swift */,
				D77C336A1AE0A91800D4843B /* RemoveNthNodeFromEndOfListTest.swift */,
				D77C33681AE0A91800D4843B /* Supporting Files */,
			);
			path = RemoveNthNodeFromEndOfList;
			sourceTree = "<group>";
		};
		D77C33681AE0A91800D4843B /* Supporting Files */ = {
			isa = PBXGroup;
			children = (
				D77C33691AE0A91800D4843B /* Info.plist */,
			);
			name = "Supporting Files";
			sourceTree = "<group>";
		};
		D77C33761AE0B6F100D4843B /* ValidParentheses */ = {
			isa = PBXGroup;
			children = (
				D77C337E1AE0B70900D4843B /* ValidParentheses.swift */,
				D77C33791AE0B6F100D4843B /* ValidParenthesesTest.swift */,
				D77C33771AE0B6F100D4843B /* Supporting Files */,
			);
			path = ValidParentheses;
			sourceTree = "<group>";
		};
		D77C33771AE0B6F100D4843B /* Supporting Files */ = {
			isa = PBXGroup;
			children = (
				D77C33781AE0B6F100D4843B /* Info.plist */,
			);
			name = "Supporting Files";
			sourceTree = "<group>";
		};
		D77C33851AE0F7B300D4843B /* ReverseInteger */ = {
			isa = PBXGroup;
			children = (
				D77C338D1AE0F7D200D4843B /* ReverseInteger.swift */,
				D77C33881AE0F7B300D4843B /* ReverseIntegerTest.swift */,
				D77C33861AE0F7B300D4843B /* Supporting Files */,
			);
			path = ReverseInteger;
			sourceTree = "<group>";
		};
		D77C33861AE0F7B300D4843B /* Supporting Files */ = {
			isa = PBXGroup;
			children = (
				D77C33871AE0F7B300D4843B /* Info.plist */,
			);
			name = "Supporting Files";
			sourceTree = "<group>";
		};
		D77C33971AE60F9F00D4843B /* RemoveDuplicatesFromSortedArray */ = {
			isa = PBXGroup;
			children = (
				D77C339F1AE60FD000D4843B /* RemoveDuplicatesFromSortedArray.swift */,
				D77C339A1AE60F9F00D4843B /* RemoveDuplicatesFromSortedArrayTest.swift */,
				D77C33981AE60F9F00D4843B /* Supporting Files */,
			);
			path = RemoveDuplicatesFromSortedArray;
			sourceTree = "<group>";
		};
		D77C33981AE60F9F00D4843B /* Supporting Files */ = {
			isa = PBXGroup;
			children = (
				D77C33991AE60F9F00D4843B /* Info.plist */,
			);
			name = "Supporting Files";
			sourceTree = "<group>";
		};
		D77C33A61AE779CA00D4843B /* RemoveElement */ = {
			isa = PBXGroup;
			children = (
				D77C33AE1AE779F100D4843B /* RemoveElement.swift */,
				D77C33A91AE779CA00D4843B /* RemoveElementTest.swift */,
				D77C33A71AE779CA00D4843B /* Supporting Files */,
			);
			path = RemoveElement;
			sourceTree = "<group>";
		};
		D77C33A71AE779CA00D4843B /* Supporting Files */ = {
			isa = PBXGroup;
			children = (
				D77C33A81AE779CA00D4843B /* Info.plist */,
			);
			name = "Supporting Files";
			sourceTree = "<group>";
		};
		D77C33B51AE77F6F00D4843B /* MergeSortedArray */ = {
			isa = PBXGroup;
			children = (
				D77C33BD1AE77F9500D4843B /* MergeSortedArray.swift */,
				D77C33B81AE77F6F00D4843B /* MergeSortedArrayTest.swift */,
				D77C33B61AE77F6F00D4843B /* Supporting Files */,
			);
			path = MergeSortedArray;
			sourceTree = "<group>";
		};
		D77C33B61AE77F6F00D4843B /* Supporting Files */ = {
			isa = PBXGroup;
			children = (
				D77C33B71AE77F6F00D4843B /* Info.plist */,
			);
			name = "Supporting Files";
			sourceTree = "<group>";
		};
/* End PBXGroup section */

/* Begin PBXNativeTarget section */
		D772ECE11AEBE99900C12BA2 /* RomanToInteger */ = {
			isa = PBXNativeTarget;
			buildConfigurationList = D772ECEA1AEBE99900C12BA2 /* Build configuration list for PBXNativeTarget "RomanToInteger" */;
			buildPhases = (
				D772ECDE1AEBE99900C12BA2 /* Sources */,
				D772ECDF1AEBE99900C12BA2 /* Frameworks */,
				D772ECE01AEBE99900C12BA2 /* Resources */,
			);
			buildRules = (
			);
			dependencies = (
			);
			name = RomanToInteger;
			productName = RomanToInteger;
			productReference = D772ECE21AEBE99900C12BA2 /* RomanToInteger.xctest */;
			productType = "com.apple.product-type.bundle.unit-test";
		};
		D77C33291ADE36BB00D4843B /* TwoSum */ = {
			isa = PBXNativeTarget;
			buildConfigurationList = D77C33301ADE36BB00D4843B /* Build configuration list for PBXNativeTarget "TwoSum" */;
			buildPhases = (
				D77C33261ADE36BB00D4843B /* Sources */,
				D77C33271ADE36BB00D4843B /* Frameworks */,
				D77C33281ADE36BB00D4843B /* Resources */,
			);
			buildRules = (
			);
			dependencies = (
			);
			name = TwoSum;
			productName = TwoSum;
			productReference = D77C332A1ADE36BB00D4843B /* TwoSum.xctest */;
			productType = "com.apple.product-type.bundle.unit-test";
		};
		D77C33381ADE61B200D4843B /* MedianOfTwoSortedArrays */ = {
			isa = PBXNativeTarget;
			buildConfigurationList = D77C333F1ADE61B200D4843B /* Build configuration list for PBXNativeTarget "MedianOfTwoSortedArrays" */;
			buildPhases = (
				D77C33351ADE61B200D4843B /* Sources */,
				D77C33361ADE61B200D4843B /* Frameworks */,
				D77C33371ADE61B200D4843B /* Resources */,
			);
			buildRules = (
			);
			dependencies = (
			);
			name = MedianOfTwoSortedArrays;
			productName = MedianOfTwoSortedArrays;
			productReference = D77C33391ADE61B200D4843B /* MedianOfTwoSortedArrays.xctest */;
			productType = "com.apple.product-type.bundle.unit-test";
		};
		D77C33471ADF581200D4843B /* AddTwoNumbers */ = {
			isa = PBXNativeTarget;
			buildConfigurationList = D77C334E1ADF581300D4843B /* Build configuration list for PBXNativeTarget "AddTwoNumbers" */;
			buildPhases = (
				D77C33441ADF581200D4843B /* Sources */,
				D77C33451ADF581200D4843B /* Frameworks */,
				D77C33461ADF581200D4843B /* Resources */,
			);
			buildRules = (
			);
			dependencies = (
			);
			name = AddTwoNumbers;
			productName = AddTwoNumbers;
			productReference = D77C33481ADF581200D4843B /* AddTwoNumbers.xctest */;
			productType = "com.apple.product-type.bundle.unit-test";
		};
		D77C33561ADFC24000D4843B /* ZigZagConversion */ = {
			isa = PBXNativeTarget;
			buildConfigurationList = D77C335D1ADFC24000D4843B /* Build configuration list for PBXNativeTarget "ZigZagConversion" */;
			buildPhases = (
				D77C33531ADFC24000D4843B /* Sources */,
				D77C33541ADFC24000D4843B /* Frameworks */,
				D77C33551ADFC24000D4843B /* Resources */,
			);
			buildRules = (
			);
			dependencies = (
			);
			name = ZigZagConversion;
			productName = ZigZagConversion;
			productReference = D77C33571ADFC24000D4843B /* ZigZagConversion.xctest */;
			productType = "com.apple.product-type.bundle.unit-test";
		};
		D77C33651AE0A91800D4843B /* RemoveNthNodeFromEndOfList */ = {
			isa = PBXNativeTarget;
			buildConfigurationList = D77C336C1AE0A91800D4843B /* Build configuration list for PBXNativeTarget "RemoveNthNodeFromEndOfList" */;
			buildPhases = (
				D77C33621AE0A91800D4843B /* Sources */,
				D77C33631AE0A91800D4843B /* Frameworks */,
				D77C33641AE0A91800D4843B /* Resources */,
			);
			buildRules = (
			);
			dependencies = (
			);
			name = RemoveNthNodeFromEndOfList;
			productName = RemoveNthNodeFromEndOfList;
			productReference = D77C33661AE0A91800D4843B /* RemoveNthNodeFromEndOfList.xctest */;
			productType = "com.apple.product-type.bundle.unit-test";
		};
		D77C33741AE0B6F100D4843B /* ValidParentheses */ = {
			isa = PBXNativeTarget;
			buildConfigurationList = D77C337B1AE0B6F100D4843B /* Build configuration list for PBXNativeTarget "ValidParentheses" */;
			buildPhases = (
				D77C33711AE0B6F100D4843B /* Sources */,
				D77C33721AE0B6F100D4843B /* Frameworks */,
				D77C33731AE0B6F100D4843B /* Resources */,
			);
			buildRules = (
			);
			dependencies = (
			);
			name = ValidParentheses;
			productName = ValidParentheses;
			productReference = D77C33751AE0B6F100D4843B /* ValidParentheses.xctest */;
			productType = "com.apple.product-type.bundle.unit-test";
		};
		D77C33831AE0F7B300D4843B /* ReverseInteger */ = {
			isa = PBXNativeTarget;
			buildConfigurationList = D77C338A1AE0F7B300D4843B /* Build configuration list for PBXNativeTarget "ReverseInteger" */;
			buildPhases = (
				D77C33801AE0F7B300D4843B /* Sources */,
				D77C33811AE0F7B300D4843B /* Frameworks */,
				D77C33821AE0F7B300D4843B /* Resources */,
			);
			buildRules = (
			);
			dependencies = (
			);
			name = ReverseInteger;
			productName = ReverseInteger;
			productReference = D77C33841AE0F7B300D4843B /* ReverseInteger.xctest */;
			productType = "com.apple.product-type.bundle.unit-test";
		};
		D77C33951AE60F9F00D4843B /* RemoveDuplicatesFromSortedArray */ = {
			isa = PBXNativeTarget;
			buildConfigurationList = D77C339E1AE60F9F00D4843B /* Build configuration list for PBXNativeTarget "RemoveDuplicatesFromSortedArray" */;
			buildPhases = (
				D77C33921AE60F9F00D4843B /* Sources */,
				D77C33931AE60F9F00D4843B /* Frameworks */,
				D77C33941AE60F9F00D4843B /* Resources */,
			);
			buildRules = (
			);
			dependencies = (
			);
			name = RemoveDuplicatesFromSortedArray;
			productName = RemoveDuplicatesFromSortedArray;
			productReference = D77C33961AE60F9F00D4843B /* RemoveDuplicatesFromSortedArray.xctest */;
			productType = "com.apple.product-type.bundle.unit-test";
		};
		D77C33A41AE779CA00D4843B /* RemoveElement */ = {
			isa = PBXNativeTarget;
			buildConfigurationList = D77C33AD1AE779CA00D4843B /* Build configuration list for PBXNativeTarget "RemoveElement" */;
			buildPhases = (
				D77C33A11AE779CA00D4843B /* Sources */,
				D77C33A21AE779CA00D4843B /* Frameworks */,
				D77C33A31AE779CA00D4843B /* Resources */,
			);
			buildRules = (
			);
			dependencies = (
			);
			name = RemoveElement;
			productName = RemoveElement;
			productReference = D77C33A51AE779CA00D4843B /* RemoveElement.xctest */;
			productType = "com.apple.product-type.bundle.unit-test";
		};
		D77C33B31AE77F6F00D4843B /* MergeSortedArray */ = {
			isa = PBXNativeTarget;
			buildConfigurationList = D77C33BA1AE77F6F00D4843B /* Build configuration list for PBXNativeTarget "MergeSortedArray" */;
			buildPhases = (
				D77C33B01AE77F6F00D4843B /* Sources */,
				D77C33B11AE77F6F00D4843B /* Frameworks */,
				D77C33B21AE77F6F00D4843B /* Resources */,
			);
			buildRules = (
			);
			dependencies = (
			);
			name = MergeSortedArray;
			productName = MergeSortedArray;
			productReference = D77C33B41AE77F6F00D4843B /* MergeSortedArray.xctest */;
			productType = "com.apple.product-type.bundle.unit-test";
		};
/* End PBXNativeTarget section */

/* Begin PBXProject section */
		D77C33141ADE363800D4843B /* Project object */ = {
			isa = PBXProject;
			attributes = {
				LastUpgradeCheck = 0630;
				ORGANIZATIONNAME = "Lex Tang";
				TargetAttributes = {
					D772ECE11AEBE99900C12BA2 = {
						CreatedOnToolsVersion = 6.3.1;
					};
					D77C33291ADE36BB00D4843B = {
						CreatedOnToolsVersion = 6.3;
					};
					D77C33381ADE61B200D4843B = {
						CreatedOnToolsVersion = 6.3;
					};
					D77C33471ADF581200D4843B = {
						CreatedOnToolsVersion = 6.3;
					};
					D77C33561ADFC24000D4843B = {
						CreatedOnToolsVersion = 6.3;
					};
					D77C33651AE0A91800D4843B = {
						CreatedOnToolsVersion = 6.3;
					};
					D77C33741AE0B6F100D4843B = {
						CreatedOnToolsVersion = 6.3;
					};
					D77C33831AE0F7B300D4843B = {
						CreatedOnToolsVersion = 6.3;
					};
					D77C33951AE60F9F00D4843B = {
						CreatedOnToolsVersion = 6.3;
					};
					D77C33A41AE779CA00D4843B = {
						CreatedOnToolsVersion = 6.3;
					};
					D77C33B31AE77F6F00D4843B = {
						CreatedOnToolsVersion = 6.3;
					};
				};
			};
			buildConfigurationList = D77C33171ADE363800D4843B /* Build configuration list for PBXProject "LeetCode" */;
			compatibilityVersion = "Xcode 3.2";
			developmentRegion = English;
			hasScannedForEncodings = 0;
			knownRegions = (
				en,
			);
			mainGroup = D77C33131ADE363800D4843B;
			productRefGroup = D77C331D1ADE363800D4843B /* Products */;
			projectDirPath = "";
			projectRoot = "";
			targets = (
				D77C33291ADE36BB00D4843B /* TwoSum */,
				D77C33381ADE61B200D4843B /* MedianOfTwoSortedArrays */,
				D77C33471ADF581200D4843B /* AddTwoNumbers */,
				D77C33561ADFC24000D4843B /* ZigZagConversion */,
				D77C33651AE0A91800D4843B /* RemoveNthNodeFromEndOfList */,
				D77C33741AE0B6F100D4843B /* ValidParentheses */,
				D77C33831AE0F7B300D4843B /* ReverseInteger */,
				D77C33951AE60F9F00D4843B /* RemoveDuplicatesFromSortedArray */,
				D77C33A41AE779CA00D4843B /* RemoveElement */,
				D77C33B31AE77F6F00D4843B /* MergeSortedArray */,
				D772ECE11AEBE99900C12BA2 /* RomanToInteger */,
			);
		};
/* End PBXProject section */

/* Begin PBXResourcesBuildPhase section */
		D772ECE01AEBE99900C12BA2 /* Resources */ = {
			isa = PBXResourcesBuildPhase;
			buildActionMask = 2147483647;
			files = (
			);
			runOnlyForDeploymentPostprocessing = 0;
		};
		D77C33281ADE36BB00D4843B /* Resources */ = {
			isa = PBXResourcesBuildPhase;
			buildActionMask = 2147483647;
			files = (
			);
			runOnlyForDeploymentPostprocessing = 0;
		};
		D77C33371ADE61B200D4843B /* Resources */ = {
			isa = PBXResourcesBuildPhase;
			buildActionMask = 2147483647;
			files = (
			);
			runOnlyForDeploymentPostprocessing = 0;
		};
		D77C33461ADF581200D4843B /* Resources */ = {
			isa = PBXResourcesBuildPhase;
			buildActionMask = 2147483647;
			files = (
			);
			runOnlyForDeploymentPostprocessing = 0;
		};
		D77C33551ADFC24000D4843B /* Resources */ = {
			isa = PBXResourcesBuildPhase;
			buildActionMask = 2147483647;
			files = (
			);
			runOnlyForDeploymentPostprocessing = 0;
		};
		D77C33641AE0A91800D4843B /* Resources */ = {
			isa = PBXResourcesBuildPhase;
			buildActionMask = 2147483647;
			files = (
			);
			runOnlyForDeploymentPostprocessing = 0;
		};
		D77C33731AE0B6F100D4843B /* Resources */ = {
			isa = PBXResourcesBuildPhase;
			buildActionMask = 2147483647;
			files = (
			);
			runOnlyForDeploymentPostprocessing = 0;
		};
		D77C33821AE0F7B300D4843B /* Resources */ = {
			isa = PBXResourcesBuildPhase;
			buildActionMask = 2147483647;
			files = (
			);
			runOnlyForDeploymentPostprocessing = 0;
		};
		D77C33941AE60F9F00D4843B /* Resources */ = {
			isa = PBXResourcesBuildPhase;
			buildActionMask = 2147483647;
			files = (
			);
			runOnlyForDeploymentPostprocessing = 0;
		};
		D77C33A31AE779CA00D4843B /* Resources */ = {
			isa = PBXResourcesBuildPhase;
			buildActionMask = 2147483647;
			files = (
			);
			runOnlyForDeploymentPostprocessing = 0;
		};
		D77C33B21AE77F6F00D4843B /* Resources */ = {
			isa = PBXResourcesBuildPhase;
			buildActionMask = 2147483647;
			files = (
			);
			runOnlyForDeploymentPostprocessing = 0;
		};
/* End PBXResourcesBuildPhase section */

/* Begin PBXSourcesBuildPhase section */
		D772ECDE1AEBE99900C12BA2 /* Sources */ = {
			isa = PBXSourcesBuildPhase;
			buildActionMask = 2147483647;
			files = (
				D772ECE71AEBE99900C12BA2 /* RomanToIntegerTest.swift in Sources */,
				D772ECEE1AEBF0DC00C12BA2 /* RomanToInteger.swift in Sources */,
			);
			runOnlyForDeploymentPostprocessing = 0;
		};
		D77C33261ADE36BB00D4843B /* Sources */ = {
			isa = PBXSourcesBuildPhase;
			buildActionMask = 2147483647;
			files = (
				D77C33341ADE373B00D4843B /* TwoSum.swift in Sources */,
				D77C332F1ADE36BB00D4843B /* TwoSumTest.swift in Sources */,
			);
			runOnlyForDeploymentPostprocessing = 0;
		};
		D77C33351ADE61B200D4843B /* Sources */ = {
			isa = PBXSourcesBuildPhase;
			buildActionMask = 2147483647;
			files = (
				D77C33431ADF562100D4843B /* MedianOfTwoSortedArrays.swift in Sources */,
				D77C333E1ADE61B200D4843B /* MedianOfTwoSortedArraysTest.swift in Sources */,
			);
			runOnlyForDeploymentPostprocessing = 0;
		};
		D77C33441ADF581200D4843B /* Sources */ = {
			isa = PBXSourcesBuildPhase;
			buildActionMask = 2147483647;
			files = (
				D77C334D1ADF581300D4843B /* AddTwoNumbersTest.swift in Sources */,
				D77C33521ADF58CC00D4843B /* AddTwoNumbers.swift in Sources */,
			);
			runOnlyForDeploymentPostprocessing = 0;
		};
		D77C33531ADFC24000D4843B /* Sources */ = {
			isa = PBXSourcesBuildPhase;
			buildActionMask = 2147483647;
			files = (
				D77C335C1ADFC24000D4843B /* ZigZagConversionTest.swift in Sources */,
				D77C33611ADFC25C00D4843B /* ZigZagConversion.swift in Sources */,
			);
			runOnlyForDeploymentPostprocessing = 0;
		};
		D77C33621AE0A91800D4843B /* Sources */ = {
			isa = PBXSourcesBuildPhase;
			buildActionMask = 2147483647;
			files = (
				D77C33701AE0A94400D4843B /* RemoveNthNodeFromEndOfList.swift in Sources */,
				D77C336B1AE0A91800D4843B /* RemoveNthNodeFromEndOfListTest.swift in Sources */,
			);
			runOnlyForDeploymentPostprocessing = 0;
		};
		D77C33711AE0B6F100D4843B /* Sources */ = {
			isa = PBXSourcesBuildPhase;
			buildActionMask = 2147483647;
			files = (
				D77C337A1AE0B6F100D4843B /* ValidParenthesesTest.swift in Sources */,
				D77C337F1AE0B70900D4843B /* ValidParentheses.swift in Sources */,
			);
			runOnlyForDeploymentPostprocessing = 0;
		};
		D77C33801AE0F7B300D4843B /* Sources */ = {
			isa = PBXSourcesBuildPhase;
			buildActionMask = 2147483647;
			files = (
				D77C33891AE0F7B300D4843B /* ReverseIntegerTest.swift in Sources */,
				D77C338E1AE0F7D200D4843B /* ReverseInteger.swift in Sources */,
			);
			runOnlyForDeploymentPostprocessing = 0;
		};
		D77C33921AE60F9F00D4843B /* Sources */ = {
			isa = PBXSourcesBuildPhase;
			buildActionMask = 2147483647;
			files = (
				D77C33A01AE60FD000D4843B /* RemoveDuplicatesFromSortedArray.swift in Sources */,
				D77C339B1AE60F9F00D4843B /* RemoveDuplicatesFromSortedArrayTest.swift in Sources */,
			);
			runOnlyForDeploymentPostprocessing = 0;
		};
		D77C33A11AE779CA00D4843B /* Sources */ = {
			isa = PBXSourcesBuildPhase;
			buildActionMask = 2147483647;
			files = (
				D77C33AF1AE779F100D4843B /* RemoveElement.swift in Sources */,
				D77C33AA1AE779CA00D4843B /* RemoveElementTest.swift in Sources */,
			);
			runOnlyForDeploymentPostprocessing = 0;
		};
		D77C33B01AE77F6F00D4843B /* Sources */ = {
			isa = PBXSourcesBuildPhase;
			buildActionMask = 2147483647;
			files = (
				D77C33B91AE77F6F00D4843B /* MergeSortedArrayTest.swift in Sources */,
				D77C33BE1AE77F9500D4843B /* MergeSortedArray.swift in Sources */,
			);
			runOnlyForDeploymentPostprocessing = 0;
		};
/* End PBXSourcesBuildPhase section */

/* Begin XCBuildConfiguration section */
		D772ECE81AEBE99900C12BA2 /* Debug */ = {
			isa = XCBuildConfiguration;
			buildSettings = {
				COMBINE_HIDPI_IMAGES = YES;
				FRAMEWORK_SEARCH_PATHS = (
					"$(DEVELOPER_FRAMEWORKS_DIR)",
					"$(inherited)",
				);
				GCC_PREPROCESSOR_DEFINITIONS = (
					"DEBUG=1",
					"$(inherited)",
				);
				INFOPLIST_FILE = RomanToInteger/Info.plist;
				LD_RUNPATH_SEARCH_PATHS = "$(inherited) @executable_path/../Frameworks @loader_path/../Frameworks";
				PRODUCT_NAME = "$(TARGET_NAME)";
			};
			name = Debug;
		};
		D772ECE91AEBE99900C12BA2 /* Release */ = {
			isa = XCBuildConfiguration;
			buildSettings = {
				COMBINE_HIDPI_IMAGES = YES;
				FRAMEWORK_SEARCH_PATHS = (
					"$(DEVELOPER_FRAMEWORKS_DIR)",
					"$(inherited)",
				);
				INFOPLIST_FILE = RomanToInteger/Info.plist;
				LD_RUNPATH_SEARCH_PATHS = "$(inherited) @executable_path/../Frameworks @loader_path/../Frameworks";
				PRODUCT_NAME = "$(TARGET_NAME)";
			};
			name = Release;
		};
		D77C33211ADE363800D4843B /* Debug */ = {
			isa = XCBuildConfiguration;
			buildSettings = {
				ALWAYS_SEARCH_USER_PATHS = NO;
				CLANG_CXX_LANGUAGE_STANDARD = "gnu++0x";
				CLANG_CXX_LIBRARY = "libc++";
				CLANG_ENABLE_MODULES = YES;
				CLANG_ENABLE_OBJC_ARC = YES;
				CLANG_WARN_BOOL_CONVERSION = YES;
				CLANG_WARN_CONSTANT_CONVERSION = YES;
				CLANG_WARN_DIRECT_OBJC_ISA_USAGE = YES_ERROR;
				CLANG_WARN_EMPTY_BODY = YES;
				CLANG_WARN_ENUM_CONVERSION = YES;
				CLANG_WARN_INT_CONVERSION = YES;
				CLANG_WARN_OBJC_ROOT_CLASS = YES_ERROR;
				CLANG_WARN_UNREACHABLE_CODE = YES;
				CLANG_WARN__DUPLICATE_METHOD_MATCH = YES;
				COPY_PHASE_STRIP = NO;
				DEBUG_INFORMATION_FORMAT = dwarf;
				ENABLE_STRICT_OBJC_MSGSEND = YES;
				GCC_C_LANGUAGE_STANDARD = gnu99;
				GCC_DYNAMIC_NO_PIC = NO;
				GCC_NO_COMMON_BLOCKS = YES;
				GCC_OPTIMIZATION_LEVEL = 0;
				GCC_PREPROCESSOR_DEFINITIONS = (
					"DEBUG=1",
					"$(inherited)",
				);
				GCC_SYMBOLS_PRIVATE_EXTERN = NO;
				GCC_WARN_64_TO_32_BIT_CONVERSION = YES;
				GCC_WARN_ABOUT_RETURN_TYPE = YES_ERROR;
				GCC_WARN_UNDECLARED_SELECTOR = YES;
				GCC_WARN_UNINITIALIZED_AUTOS = YES_AGGRESSIVE;
				GCC_WARN_UNUSED_FUNCTION = YES;
				GCC_WARN_UNUSED_VARIABLE = YES;
				MACOSX_DEPLOYMENT_TARGET = 10.10;
				MTL_ENABLE_DEBUG_INFO = YES;
				ONLY_ACTIVE_ARCH = YES;
				SDKROOT = macosx;
				SWIFT_OPTIMIZATION_LEVEL = "-Onone";
			};
			name = Debug;
		};
		D77C33221ADE363800D4843B /* Release */ = {
			isa = XCBuildConfiguration;
			buildSettings = {
				ALWAYS_SEARCH_USER_PATHS = NO;
				CLANG_CXX_LANGUAGE_STANDARD = "gnu++0x";
				CLANG_CXX_LIBRARY = "libc++";
				CLANG_ENABLE_MODULES = YES;
				CLANG_ENABLE_OBJC_ARC = YES;
				CLANG_WARN_BOOL_CONVERSION = YES;
				CLANG_WARN_CONSTANT_CONVERSION = YES;
				CLANG_WARN_DIRECT_OBJC_ISA_USAGE = YES_ERROR;
				CLANG_WARN_EMPTY_BODY = YES;
				CLANG_WARN_ENUM_CONVERSION = YES;
				CLANG_WARN_INT_CONVERSION = YES;
				CLANG_WARN_OBJC_ROOT_CLASS = YES_ERROR;
				CLANG_WARN_UNREACHABLE_CODE = YES;
				CLANG_WARN__DUPLICATE_METHOD_MATCH = YES;
				COPY_PHASE_STRIP = NO;
				DEBUG_INFORMATION_FORMAT = "dwarf-with-dsym";
				ENABLE_NS_ASSERTIONS = NO;
				ENABLE_STRICT_OBJC_MSGSEND = YES;
				GCC_C_LANGUAGE_STANDARD = gnu99;
				GCC_NO_COMMON_BLOCKS = YES;
				GCC_WARN_64_TO_32_BIT_CONVERSION = YES;
				GCC_WARN_ABOUT_RETURN_TYPE = YES_ERROR;
				GCC_WARN_UNDECLARED_SELECTOR = YES;
				GCC_WARN_UNINITIALIZED_AUTOS = YES_AGGRESSIVE;
				GCC_WARN_UNUSED_FUNCTION = YES;
				GCC_WARN_UNUSED_VARIABLE = YES;
				MACOSX_DEPLOYMENT_TARGET = 10.10;
				MTL_ENABLE_DEBUG_INFO = NO;
				SDKROOT = macosx;
			};
			name = Release;
		};
		D77C33311ADE36BB00D4843B /* Debug */ = {
			isa = XCBuildConfiguration;
			buildSettings = {
				COMBINE_HIDPI_IMAGES = YES;
				FRAMEWORK_SEARCH_PATHS = (
					"$(DEVELOPER_FRAMEWORKS_DIR)",
					"$(inherited)",
				);
				GCC_PREPROCESSOR_DEFINITIONS = (
					"DEBUG=1",
					"$(inherited)",
				);
				INFOPLIST_FILE = TwoSum/Info.plist;
				LD_RUNPATH_SEARCH_PATHS = "$(inherited) @executable_path/../Frameworks @loader_path/../Frameworks";
				PRODUCT_NAME = "$(TARGET_NAME)";
			};
			name = Debug;
		};
		D77C33321ADE36BB00D4843B /* Release */ = {
			isa = XCBuildConfiguration;
			buildSettings = {
				COMBINE_HIDPI_IMAGES = YES;
				FRAMEWORK_SEARCH_PATHS = (
					"$(DEVELOPER_FRAMEWORKS_DIR)",
					"$(inherited)",
				);
				INFOPLIST_FILE = TwoSum/Info.plist;
				LD_RUNPATH_SEARCH_PATHS = "$(inherited) @executable_path/../Frameworks @loader_path/../Frameworks";
				PRODUCT_NAME = "$(TARGET_NAME)";
			};
			name = Release;
		};
		D77C33401ADE61B200D4843B /* Debug */ = {
			isa = XCBuildConfiguration;
			buildSettings = {
				COMBINE_HIDPI_IMAGES = YES;
				FRAMEWORK_SEARCH_PATHS = (
					"$(DEVELOPER_FRAMEWORKS_DIR)",
					"$(inherited)",
				);
				GCC_PREPROCESSOR_DEFINITIONS = (
					"DEBUG=1",
					"$(inherited)",
				);
				INFOPLIST_FILE = MedianOfTwoSortedArrays/Info.plist;
				LD_RUNPATH_SEARCH_PATHS = "$(inherited) @executable_path/../Frameworks @loader_path/../Frameworks";
				PRODUCT_NAME = "$(TARGET_NAME)";
			};
			name = Debug;
		};
		D77C33411ADE61B200D4843B /* Release */ = {
			isa = XCBuildConfiguration;
			buildSettings = {
				COMBINE_HIDPI_IMAGES = YES;
				FRAMEWORK_SEARCH_PATHS = (
					"$(DEVELOPER_FRAMEWORKS_DIR)",
					"$(inherited)",
				);
				INFOPLIST_FILE = MedianOfTwoSortedArrays/Info.plist;
				LD_RUNPATH_SEARCH_PATHS = "$(inherited) @executable_path/../Frameworks @loader_path/../Frameworks";
				PRODUCT_NAME = "$(TARGET_NAME)";
			};
			name = Release;
		};
		D77C334F1ADF581300D4843B /* Debug */ = {
			isa = XCBuildConfiguration;
			buildSettings = {
				COMBINE_HIDPI_IMAGES = YES;
				FRAMEWORK_SEARCH_PATHS = (
					"$(DEVELOPER_FRAMEWORKS_DIR)",
					"$(inherited)",
				);
				GCC_PREPROCESSOR_DEFINITIONS = (
					"DEBUG=1",
					"$(inherited)",
				);
				INFOPLIST_FILE = AddTwoNumbers/Info.plist;
				LD_RUNPATH_SEARCH_PATHS = "$(inherited) @executable_path/../Frameworks @loader_path/../Frameworks";
				PRODUCT_NAME = "$(TARGET_NAME)";
			};
			name = Debug;
		};
		D77C33501ADF581300D4843B /* Release */ = {
			isa = XCBuildConfiguration;
			buildSettings = {
				COMBINE_HIDPI_IMAGES = YES;
				FRAMEWORK_SEARCH_PATHS = (
					"$(DEVELOPER_FRAMEWORKS_DIR)",
					"$(inherited)",
				);
				INFOPLIST_FILE = AddTwoNumbers/Info.plist;
				LD_RUNPATH_SEARCH_PATHS = "$(inherited) @executable_path/../Frameworks @loader_path/../Frameworks";
				PRODUCT_NAME = "$(TARGET_NAME)";
			};
			name = Release;
		};
		D77C335E1ADFC24000D4843B /* Debug */ = {
			isa = XCBuildConfiguration;
			buildSettings = {
				COMBINE_HIDPI_IMAGES = YES;
				FRAMEWORK_SEARCH_PATHS = (
					"$(DEVELOPER_FRAMEWORKS_DIR)",
					"$(inherited)",
				);
				GCC_PREPROCESSOR_DEFINITIONS = (
					"DEBUG=1",
					"$(inherited)",
				);
				INFOPLIST_FILE = ZigZagConversion/Info.plist;
				LD_RUNPATH_SEARCH_PATHS = "$(inherited) @executable_path/../Frameworks @loader_path/../Frameworks";
				PRODUCT_NAME = "$(TARGET_NAME)";
			};
			name = Debug;
		};
		D77C335F1ADFC24000D4843B /* Release */ = {
			isa = XCBuildConfiguration;
			buildSettings = {
				COMBINE_HIDPI_IMAGES = YES;
				FRAMEWORK_SEARCH_PATHS = (
					"$(DEVELOPER_FRAMEWORKS_DIR)",
					"$(inherited)",
				);
				INFOPLIST_FILE = ZigZagConversion/Info.plist;
				LD_RUNPATH_SEARCH_PATHS = "$(inherited) @executable_path/../Frameworks @loader_path/../Frameworks";
				PRODUCT_NAME = "$(TARGET_NAME)";
			};
			name = Release;
		};
		D77C336D1AE0A91800D4843B /* Debug */ = {
			isa = XCBuildConfiguration;
			buildSettings = {
				COMBINE_HIDPI_IMAGES = YES;
				FRAMEWORK_SEARCH_PATHS = (
					"$(DEVELOPER_FRAMEWORKS_DIR)",
					"$(inherited)",
				);
				GCC_PREPROCESSOR_DEFINITIONS = (
					"DEBUG=1",
					"$(inherited)",
				);
				INFOPLIST_FILE = RemoveNthNodeFromEndOfList/Info.plist;
				LD_RUNPATH_SEARCH_PATHS = "$(inherited) @executable_path/../Frameworks @loader_path/../Frameworks";
				PRODUCT_NAME = "$(TARGET_NAME)";
			};
			name = Debug;
		};
		D77C336E1AE0A91800D4843B /* Release */ = {
			isa = XCBuildConfiguration;
			buildSettings = {
				COMBINE_HIDPI_IMAGES = YES;
				FRAMEWORK_SEARCH_PATHS = (
					"$(DEVELOPER_FRAMEWORKS_DIR)",
					"$(inherited)",
				);
				INFOPLIST_FILE = RemoveNthNodeFromEndOfList/Info.plist;
				LD_RUNPATH_SEARCH_PATHS = "$(inherited) @executable_path/../Frameworks @loader_path/../Frameworks";
				PRODUCT_NAME = "$(TARGET_NAME)";
			};
			name = Release;
		};
		D77C337C1AE0B6F100D4843B /* Debug */ = {
			isa = XCBuildConfiguration;
			buildSettings = {
				COMBINE_HIDPI_IMAGES = YES;
				FRAMEWORK_SEARCH_PATHS = (
					"$(DEVELOPER_FRAMEWORKS_DIR)",
					"$(inherited)",
				);
				GCC_PREPROCESSOR_DEFINITIONS = (
					"DEBUG=1",
					"$(inherited)",
				);
				INFOPLIST_FILE = ValidParentheses/Info.plist;
				LD_RUNPATH_SEARCH_PATHS = "$(inherited) @executable_path/../Frameworks @loader_path/../Frameworks";
				PRODUCT_NAME = "$(TARGET_NAME)";
			};
			name = Debug;
		};
		D77C337D1AE0B6F100D4843B /* Release */ = {
			isa = XCBuildConfiguration;
			buildSettings = {
				COMBINE_HIDPI_IMAGES = YES;
				FRAMEWORK_SEARCH_PATHS = (
					"$(DEVELOPER_FRAMEWORKS_DIR)",
					"$(inherited)",
				);
				INFOPLIST_FILE = ValidParentheses/Info.plist;
				LD_RUNPATH_SEARCH_PATHS = "$(inherited) @executable_path/../Frameworks @loader_path/../Frameworks";
				PRODUCT_NAME = "$(TARGET_NAME)";
			};
			name = Release;
		};
		D77C338B1AE0F7B300D4843B /* Debug */ = {
			isa = XCBuildConfiguration;
			buildSettings = {
				COMBINE_HIDPI_IMAGES = YES;
				FRAMEWORK_SEARCH_PATHS = (
					"$(DEVELOPER_FRAMEWORKS_DIR)",
					"$(inherited)",
				);
				GCC_PREPROCESSOR_DEFINITIONS = (
					"DEBUG=1",
					"$(inherited)",
				);
				INFOPLIST_FILE = ReverseInteger/Info.plist;
				LD_RUNPATH_SEARCH_PATHS = "$(inherited) @executable_path/../Frameworks @loader_path/../Frameworks";
				PRODUCT_NAME = "$(TARGET_NAME)";
			};
			name = Debug;
		};
		D77C338C1AE0F7B300D4843B /* Release */ = {
			isa = XCBuildConfiguration;
			buildSettings = {
				COMBINE_HIDPI_IMAGES = YES;
				FRAMEWORK_SEARCH_PATHS = (
					"$(DEVELOPER_FRAMEWORKS_DIR)",
					"$(inherited)",
				);
				INFOPLIST_FILE = ReverseInteger/Info.plist;
				LD_RUNPATH_SEARCH_PATHS = "$(inherited) @executable_path/../Frameworks @loader_path/../Frameworks";
				PRODUCT_NAME = "$(TARGET_NAME)";
			};
			name = Release;
		};
		D77C339C1AE60F9F00D4843B /* Debug */ = {
			isa = XCBuildConfiguration;
			buildSettings = {
				COMBINE_HIDPI_IMAGES = YES;
				FRAMEWORK_SEARCH_PATHS = (
					"$(DEVELOPER_FRAMEWORKS_DIR)",
					"$(inherited)",
				);
				GCC_PREPROCESSOR_DEFINITIONS = (
					"DEBUG=1",
					"$(inherited)",
				);
				INFOPLIST_FILE = RemoveDuplicatesFromSortedArray/Info.plist;
				LD_RUNPATH_SEARCH_PATHS = "$(inherited) @executable_path/../Frameworks @loader_path/../Frameworks";
				PRODUCT_NAME = "$(TARGET_NAME)";
			};
			name = Debug;
		};
		D77C339D1AE60F9F00D4843B /* Release */ = {
			isa = XCBuildConfiguration;
			buildSettings = {
				COMBINE_HIDPI_IMAGES = YES;
				FRAMEWORK_SEARCH_PATHS = (
					"$(DEVELOPER_FRAMEWORKS_DIR)",
					"$(inherited)",
				);
				INFOPLIST_FILE = RemoveDuplicatesFromSortedArray/Info.plist;
				LD_RUNPATH_SEARCH_PATHS = "$(inherited) @executable_path/../Frameworks @loader_path/../Frameworks";
				PRODUCT_NAME = "$(TARGET_NAME)";
			};
			name = Release;
		};
		D77C33AB1AE779CA00D4843B /* Debug */ = {
			isa = XCBuildConfiguration;
			buildSettings = {
				COMBINE_HIDPI_IMAGES = YES;
				FRAMEWORK_SEARCH_PATHS = (
					"$(DEVELOPER_FRAMEWORKS_DIR)",
					"$(inherited)",
				);
				GCC_PREPROCESSOR_DEFINITIONS = (
					"DEBUG=1",
					"$(inherited)",
				);
				INFOPLIST_FILE = RemoveElement/Info.plist;
				LD_RUNPATH_SEARCH_PATHS = "$(inherited) @executable_path/../Frameworks @loader_path/../Frameworks";
				PRODUCT_NAME = "$(TARGET_NAME)";
			};
			name = Debug;
		};
		D77C33AC1AE779CA00D4843B /* Release */ = {
			isa = XCBuildConfiguration;
			buildSettings = {
				COMBINE_HIDPI_IMAGES = YES;
				FRAMEWORK_SEARCH_PATHS = (
					"$(DEVELOPER_FRAMEWORKS_DIR)",
					"$(inherited)",
				);
				INFOPLIST_FILE = RemoveElement/Info.plist;
				LD_RUNPATH_SEARCH_PATHS = "$(inherited) @executable_path/../Frameworks @loader_path/../Frameworks";
				PRODUCT_NAME = "$(TARGET_NAME)";
			};
			name = Release;
		};
		D77C33BB1AE77F6F00D4843B /* Debug */ = {
			isa = XCBuildConfiguration;
			buildSettings = {
				COMBINE_HIDPI_IMAGES = YES;
				FRAMEWORK_SEARCH_PATHS = (
					"$(DEVELOPER_FRAMEWORKS_DIR)",
					"$(inherited)",
				);
				GCC_PREPROCESSOR_DEFINITIONS = (
					"DEBUG=1",
					"$(inherited)",
				);
				INFOPLIST_FILE = MergeSortedArray/Info.plist;
				LD_RUNPATH_SEARCH_PATHS = "$(inherited) @executable_path/../Frameworks @loader_path/../Frameworks";
				PRODUCT_NAME = "$(TARGET_NAME)";
			};
			name = Debug;
		};
		D77C33BC1AE77F6F00D4843B /* Release */ = {
			isa = XCBuildConfiguration;
			buildSettings = {
				COMBINE_HIDPI_IMAGES = YES;
				FRAMEWORK_SEARCH_PATHS = (
					"$(DEVELOPER_FRAMEWORKS_DIR)",
					"$(inherited)",
				);
				INFOPLIST_FILE = MergeSortedArray/Info.plist;
				LD_RUNPATH_SEARCH_PATHS = "$(inherited) @executable_path/../Frameworks @loader_path/../Frameworks";
				PRODUCT_NAME = "$(TARGET_NAME)";
			};
			name = Release;
		};
/* End XCBuildConfiguration section */

/* Begin XCConfigurationList section */
		D772ECEA1AEBE99900C12BA2 /* Build configuration list for PBXNativeTarget "RomanToInteger" */ = {
			isa = XCConfigurationList;
			buildConfigurations = (
				D772ECE81AEBE99900C12BA2 /* Debug */,
				D772ECE91AEBE99900C12BA2 /* Release */,
			);
			defaultConfigurationIsVisible = 0;
		};
		D77C33171ADE363800D4843B /* Build configuration list for PBXProject "LeetCode" */ = {
			isa = XCConfigurationList;
			buildConfigurations = (
				D77C33211ADE363800D4843B /* Debug */,
				D77C33221ADE363800D4843B /* Release */,
			);
			defaultConfigurationIsVisible = 0;
			defaultConfigurationName = Release;
		};
		D77C33301ADE36BB00D4843B /* Build configuration list for PBXNativeTarget "TwoSum" */ = {
			isa = XCConfigurationList;
			buildConfigurations = (
				D77C33311ADE36BB00D4843B /* Debug */,
				D77C33321ADE36BB00D4843B /* Release */,
			);
			defaultConfigurationIsVisible = 0;
			defaultConfigurationName = Release;
		};
		D77C333F1ADE61B200D4843B /* Build configuration list for PBXNativeTarget "MedianOfTwoSortedArrays" */ = {
			isa = XCConfigurationList;
			buildConfigurations = (
				D77C33401ADE61B200D4843B /* Debug */,
				D77C33411ADE61B200D4843B /* Release */,
			);
			defaultConfigurationIsVisible = 0;
			defaultConfigurationName = Release;
		};
		D77C334E1ADF581300D4843B /* Build configuration list for PBXNativeTarget "AddTwoNumbers" */ = {
			isa = XCConfigurationList;
			buildConfigurations = (
				D77C334F1ADF581300D4843B /* Debug */,
				D77C33501ADF581300D4843B /* Release */,
			);
			defaultConfigurationIsVisible = 0;
			defaultConfigurationName = Release;
		};
		D77C335D1ADFC24000D4843B /* Build configuration list for PBXNativeTarget "ZigZagConversion" */ = {
			isa = XCConfigurationList;
			buildConfigurations = (
				D77C335E1ADFC24000D4843B /* Debug */,
				D77C335F1ADFC24000D4843B /* Release */,
			);
			defaultConfigurationIsVisible = 0;
			defaultConfigurationName = Release;
		};
		D77C336C1AE0A91800D4843B /* Build configuration list for PBXNativeTarget "RemoveNthNodeFromEndOfList" */ = {
			isa = XCConfigurationList;
			buildConfigurations = (
				D77C336D1AE0A91800D4843B /* Debug */,
				D77C336E1AE0A91800D4843B /* Release */,
			);
			defaultConfigurationIsVisible = 0;
			defaultConfigurationName = Release;
		};
		D77C337B1AE0B6F100D4843B /* Build configuration list for PBXNativeTarget "ValidParentheses" */ = {
			isa = XCConfigurationList;
			buildConfigurations = (
				D77C337C1AE0B6F100D4843B /* Debug */,
				D77C337D1AE0B6F100D4843B /* Release */,
			);
			defaultConfigurationIsVisible = 0;
			defaultConfigurationName = Release;
		};
		D77C338A1AE0F7B300D4843B /* Build configuration list for PBXNativeTarget "ReverseInteger" */ = {
			isa = XCConfigurationList;
			buildConfigurations = (
				D77C338B1AE0F7B300D4843B /* Debug */,
				D77C338C1AE0F7B300D4843B /* Release */,
			);
			defaultConfigurationIsVisible = 0;
			defaultConfigurationName = Release;
		};
		D77C339E1AE60F9F00D4843B /* Build configuration list for PBXNativeTarget "RemoveDuplicatesFromSortedArray" */ = {
			isa = XCConfigurationList;
			buildConfigurations = (
				D77C339C1AE60F9F00D4843B /* Debug */,
				D77C339D1AE60F9F00D4843B /* Release */,
			);
			defaultConfigurationIsVisible = 0;
			defaultConfigurationName = Release;
		};
		D77C33AD1AE779CA00D4843B /* Build configuration list for PBXNativeTarget "RemoveElement" */ = {
			isa = XCConfigurationList;
			buildConfigurations = (
				D77C33AB1AE779CA00D4843B /* Debug */,
				D77C33AC1AE779CA00D4843B /* Release */,
			);
			defaultConfigurationIsVisible = 0;
			defaultConfigurationName = Release;
		};
		D77C33BA1AE77F6F00D4843B /* Build configuration list for PBXNativeTarget "MergeSortedArray" */ = {
			isa = XCConfigurationList;
			buildConfigurations = (
				D77C33BB1AE77F6F00D4843B /* Debug */,
				D77C33BC1AE77F6F00D4843B /* Release */,
			);
			defaultConfigurationIsVisible = 0;
			defaultConfigurationName = Release;
		};
/* End XCConfigurationList section */
	};
	rootObject = D77C33141ADE363800D4843B /* Project object */;
}
